{
  "version": 4,
  "terraform_version": "1.3.7",
  "serial": 408,
  "lineage": "b298b2f6-4a4a-9712-0d03-6dc10a97a585",
  "outputs": {},
  "resources": [
    {
      "module": "module.vpc.module.ec2",
      "mode": "managed",
      "type": "aws_instance",
      "name": "server1",
      "provider": "provider[\"registry.terraform.io/hashicorp/aws\"]",
      "instances": [
        {
          "schema_version": 1,
          "attributes": {
            "ami": "ami-02f3f602d23f1659d",
            "arn": "arn:aws:ec2:us-east-1:155988765466:instance/i-05273b7c10293c25b",
            "associate_public_ip_address": true,
            "availability_zone": "us-east-1d",
            "capacity_reservation_specification": [
              {
                "capacity_reservation_preference": "open",
                "capacity_reservation_target": []
              }
            ],
            "cpu_core_count": 1,
            "cpu_threads_per_core": 1,
            "credit_specification": [
              {
                "cpu_credits": "standard"
              }
            ],
            "disable_api_stop": false,
            "disable_api_termination": false,
            "ebs_block_device": [],
            "ebs_optimized": false,
            "enclave_options": [
              {
                "enabled": false
              }
            ],
            "ephemeral_block_device": [],
            "get_password_data": false,
            "hibernation": false,
            "host_id": null,
            "host_resource_group_arn": null,
            "iam_instance_profile": "",
            "id": "i-05273b7c10293c25b",
            "instance_initiated_shutdown_behavior": "stop",
            "instance_state": "running",
            "instance_type": "t2.micro",
            "ipv6_address_count": 0,
            "ipv6_addresses": [],
            "key_name": "ec2_key",
            "launch_template": [],
            "maintenance_options": [
              {
                "auto_recovery": "default"
              }
            ],
            "metadata_options": [
              {
                "http_endpoint": "enabled",
                "http_put_response_hop_limit": 2,
                "http_tokens": "required",
                "instance_metadata_tags": "disabled"
              }
            ],
            "monitoring": false,
            "network_interface": [],
            "outpost_arn": "",
            "password_data": "",
            "placement_group": "",
            "placement_partition_number": null,
            "primary_network_interface_id": "eni-0e1fda447a5c1f48a",
            "private_dns": "ip-172-20-10-23.ec2.internal",
            "private_dns_name_options": [
              {
                "enable_resource_name_dns_a_record": false,
                "enable_resource_name_dns_aaaa_record": false,
                "hostname_type": "ip-name"
              }
            ],
            "private_ip": "172.20.10.23",
            "public_dns": "",
            "public_ip": "44.200.235.128",
            "root_block_device": [
              {
                "delete_on_termination": true,
                "device_name": "/dev/xvda",
                "encrypted": false,
                "iops": 3000,
                "kms_key_id": "",
                "tags": {},
                "throughput": 125,
                "volume_id": "vol-0201631b6a8503929",
                "volume_size": 8,
                "volume_type": "gp3"
              }
            ],
            "secondary_private_ips": [],
            "security_groups": [],
            "source_dest_check": true,
            "subnet_id": "subnet-0aaf8ab4127a10ef0",
            "tags": {
              "Name": "server1"
            },
            "tags_all": {
              "Name": "server1"
            },
            "tenancy": "default",
            "timeouts": null,
            "user_data": null,
            "user_data_base64": null,
            "user_data_replace_on_change": false,
            "volume_tags": null,
            "vpc_security_group_ids": [
              "sg-08cc0ab11323fc3d0"
            ]
          },
          "sensitive_attributes": [],
          "private": "eyJlMmJmYjczMC1lY2FhLTExZTYtOGY4OC0zNDM2M2JjN2M0YzAiOnsiY3JlYXRlIjo2MDAwMDAwMDAwMDAsImRlbGV0ZSI6MTIwMDAwMDAwMDAwMCwidXBkYXRlIjo2MDAwMDAwMDAwMDB9LCJzY2hlbWFfdmVyc2lvbiI6IjEifQ==",
          "dependencies": [
            "module.vpc.module.ec2.module.vpc.aws_security_group.vpc_project_security_group",
            "module.vpc.module.ec2.module.vpc.aws_subnet.vpc_project_subnet",
            "module.vpc.module.ec2.module.vpc.aws_vpc.vpc_project"
          ]
        }
      ]
    },
    {
      "module": "module.vpc.module.ec2.module.vpc",
      "mode": "managed",
      "type": "aws_internet_gateway",
      "name": "vpc_project_internet_gateway",
      "provider": "provider[\"registry.terraform.io/hashicorp/aws\"]",
      "instances": [
        {
          "schema_version": 0,
          "attributes": {
            "arn": "arn:aws:ec2:us-east-1:155988765466:internet-gateway/igw-07abb41c6caf521f6",
            "id": "igw-07abb41c6caf521f6",
            "owner_id": "155988765466",
            "tags": {
              "Name": "vpc_project_internet_gateway"
            },
            "tags_all": {
              "Name": "vpc_project_internet_gateway"
            },
            "timeouts": null,
            "vpc_id": "vpc-0d8da20ff5873aa37"
          },
          "sensitive_attributes": [],
          "private": "eyJlMmJmYjczMC1lY2FhLTExZTYtOGY4OC0zNDM2M2JjN2M0YzAiOnsiY3JlYXRlIjoxMjAwMDAwMDAwMDAwLCJkZWxldGUiOjEyMDAwMDAwMDAwMDAsInVwZGF0ZSI6MTIwMDAwMDAwMDAwMH19",
          "dependencies": [
            "module.vpc.module.ec2.module.vpc.aws_vpc.vpc_project"
          ]
        }
      ]
    },
    {
      "module": "module.vpc.module.ec2.module.vpc",
      "mode": "managed",
      "type": "aws_route_table",
      "name": "vpc_project_routetable",
      "provider": "provider[\"registry.terraform.io/hashicorp/aws\"]",
      "instances": [
        {
          "schema_version": 0,
          "attributes": {
            "arn": "arn:aws:ec2:us-east-1:155988765466:route-table/rtb-0a1fadfd8780debc6",
            "id": "rtb-0a1fadfd8780debc6",
            "owner_id": "155988765466",
            "propagating_vgws": [],
            "route": [
              {
                "carrier_gateway_id": "",
                "cidr_block": "0.0.0.0/0",
                "core_network_arn": "",
                "destination_prefix_list_id": "",
                "egress_only_gateway_id": "",
                "gateway_id": "igw-07abb41c6caf521f6",
                "instance_id": "",
                "ipv6_cidr_block": "",
                "local_gateway_id": "",
                "nat_gateway_id": "",
                "network_interface_id": "",
                "transit_gateway_id": "",
                "vpc_endpoint_id": "",
                "vpc_peering_connection_id": ""
              }
            ],
            "tags": {
              "Name": "VPC_project_route_table"
            },
            "tags_all": {
              "Name": "VPC_project_route_table"
            },
            "timeouts": null,
            "vpc_id": "vpc-0d8da20ff5873aa37"
          },
          "sensitive_attributes": [],
          "private": "eyJlMmJmYjczMC1lY2FhLTExZTYtOGY4OC0zNDM2M2JjN2M0YzAiOnsiY3JlYXRlIjozMDAwMDAwMDAwMDAsImRlbGV0ZSI6MzAwMDAwMDAwMDAwLCJ1cGRhdGUiOjEyMDAwMDAwMDAwMH19",
          "dependencies": [
            "module.vpc.module.ec2.module.vpc.aws_internet_gateway.vpc_project_internet_gateway",
            "module.vpc.module.ec2.module.vpc.aws_vpc.vpc_project"
          ]
        }
      ]
    },
    {
      "module": "module.vpc.module.ec2.module.vpc",
      "mode": "managed",
      "type": "aws_route_table_association",
      "name": "vpc_project_route_table_association",
      "provider": "provider[\"registry.terraform.io/hashicorp/aws\"]",
      "instances": [
        {
          "schema_version": 0,
          "attributes": {
            "gateway_id": "",
            "id": "rtbassoc-08f095cddc1db0fc4",
            "route_table_id": "rtb-0a1fadfd8780debc6",
            "subnet_id": "subnet-0aaf8ab4127a10ef0"
          },
          "sensitive_attributes": [],
          "private": "bnVsbA==",
          "dependencies": [
            "module.vpc.module.ec2.module.vpc.aws_internet_gateway.vpc_project_internet_gateway",
            "module.vpc.module.ec2.module.vpc.aws_route_table.vpc_project_routetable",
            "module.vpc.module.ec2.module.vpc.aws_subnet.vpc_project_subnet",
            "module.vpc.module.ec2.module.vpc.aws_vpc.vpc_project"
          ]
        }
      ]
    },
    {
      "module": "module.vpc.module.ec2.module.vpc",
      "mode": "managed",
      "type": "aws_security_group",
      "name": "vpc_project_security_group",
      "provider": "provider[\"registry.terraform.io/hashicorp/aws\"]",
      "instances": [
        {
          "schema_version": 1,
          "attributes": {
            "arn": "arn:aws:ec2:us-east-1:155988765466:security-group/sg-08cc0ab11323fc3d0",
            "description": "Allow TLS inbound traffic",
            "egress": [
              {
                "cidr_blocks": [
                  "0.0.0.0/0"
                ],
                "description": "",
                "from_port": 0,
                "ipv6_cidr_blocks": [],
                "prefix_list_ids": [],
                "protocol": "-1",
                "security_groups": [],
                "self": false,
                "to_port": 0
              }
            ],
            "id": "sg-08cc0ab11323fc3d0",
            "ingress": [
              {
                "cidr_blocks": [
                  "0.0.0.0/0"
                ],
                "description": "allow traffic to VPC",
                "from_port": 22,
                "ipv6_cidr_blocks": [],
                "prefix_list_ids": [],
                "protocol": "tcp",
                "security_groups": [],
                "self": false,
                "to_port": 22
              },
              {
                "cidr_blocks": [
                  "0.0.0.0/0"
                ],
                "description": "allow traffic to VPC",
                "from_port": 443,
                "ipv6_cidr_blocks": [],
                "prefix_list_ids": [],
                "protocol": "tcp",
                "security_groups": [],
                "self": false,
                "to_port": 443
              },
              {
                "cidr_blocks": [
                  "0.0.0.0/0"
                ],
                "description": "allow traffic to VPC",
                "from_port": 8080,
                "ipv6_cidr_blocks": [],
                "prefix_list_ids": [],
                "protocol": "tcp",
                "security_groups": [],
                "self": false,
                "to_port": 8080
              },
              {
                "cidr_blocks": [
                  "0.0.0.0/0"
                ],
                "description": "allow traffic to VPC",
                "from_port": 80,
                "ipv6_cidr_blocks": [],
                "prefix_list_ids": [],
                "protocol": "tcp",
                "security_groups": [],
                "self": false,
                "to_port": 80
              }
            ],
            "name": "vpc_project_security_group",
            "name_prefix": "",
            "owner_id": "155988765466",
            "revoke_rules_on_delete": false,
            "tags": {
              "Name": "securitygroup_controll_traffic"
            },
            "tags_all": {
              "Name": "securitygroup_controll_traffic"
            },
            "timeouts": null,
            "vpc_id": "vpc-0d8da20ff5873aa37"
          },
          "sensitive_attributes": [],
          "private": "eyJlMmJmYjczMC1lY2FhLTExZTYtOGY4OC0zNDM2M2JjN2M0YzAiOnsiY3JlYXRlIjo2MDAwMDAwMDAwMDAsImRlbGV0ZSI6OTAwMDAwMDAwMDAwfSwic2NoZW1hX3ZlcnNpb24iOiIxIn0=",
          "dependencies": [
            "module.vpc.module.ec2.module.vpc.aws_vpc.vpc_project"
          ]
        }
      ]
    },
    {
      "module": "module.vpc.module.ec2.module.vpc",
      "mode": "managed",
      "type": "aws_subnet",
      "name": "vpc_project_subnet",
      "provider": "provider[\"registry.terraform.io/hashicorp/aws\"]",
      "instances": [
        {
          "schema_version": 1,
          "attributes": {
            "arn": "arn:aws:ec2:us-east-1:155988765466:subnet/subnet-0aaf8ab4127a10ef0",
            "assign_ipv6_address_on_creation": false,
            "availability_zone": "us-east-1d",
            "availability_zone_id": "use1-az1",
            "cidr_block": "172.20.10.0/24",
            "customer_owned_ipv4_pool": "",
            "enable_dns64": false,
            "enable_resource_name_dns_a_record_on_launch": false,
            "enable_resource_name_dns_aaaa_record_on_launch": false,
            "id": "subnet-0aaf8ab4127a10ef0",
            "ipv6_cidr_block": "",
            "ipv6_cidr_block_association_id": "",
            "ipv6_native": false,
            "map_customer_owned_ip_on_launch": false,
            "map_public_ip_on_launch": false,
            "outpost_arn": "",
            "owner_id": "155988765466",
            "private_dns_hostname_type_on_launch": "ip-name",
            "tags": {
              "Name": "vpc_project_subnet"
            },
            "tags_all": {
              "Name": "vpc_project_subnet"
            },
            "timeouts": null,
            "vpc_id": "vpc-0d8da20ff5873aa37"
          },
          "sensitive_attributes": [],
          "private": "eyJlMmJmYjczMC1lY2FhLTExZTYtOGY4OC0zNDM2M2JjN2M0YzAiOnsiY3JlYXRlIjo2MDAwMDAwMDAwMDAsImRlbGV0ZSI6MTIwMDAwMDAwMDAwMH0sInNjaGVtYV92ZXJzaW9uIjoiMSJ9",
          "dependencies": [
            "module.vpc.module.ec2.module.vpc.aws_vpc.vpc_project"
          ]
        }
      ]
    },
    {
      "module": "module.vpc.module.ec2.module.vpc",
      "mode": "managed",
      "type": "aws_vpc",
      "name": "vpc_project",
      "provider": "provider[\"registry.terraform.io/hashicorp/aws\"]",
      "instances": [
        {
          "schema_version": 1,
          "attributes": {
            "arn": "arn:aws:ec2:us-east-1:155988765466:vpc/vpc-0d8da20ff5873aa37",
            "assign_generated_ipv6_cidr_block": false,
            "cidr_block": "172.20.0.0/16",
            "default_network_acl_id": "acl-0a1b5346a9d6ef899",
            "default_route_table_id": "rtb-0b4ebf7449b94cc73",
            "default_security_group_id": "sg-09052bf8b4639e6ab",
            "dhcp_options_id": "dopt-0386cf88d51777301",
            "enable_classiclink": false,
            "enable_classiclink_dns_support": false,
            "enable_dns_hostnames": false,
            "enable_dns_support": true,
            "enable_network_address_usage_metrics": false,
            "id": "vpc-0d8da20ff5873aa37",
            "instance_tenancy": "default",
            "ipv4_ipam_pool_id": null,
            "ipv4_netmask_length": null,
            "ipv6_association_id": "",
            "ipv6_cidr_block": "",
            "ipv6_cidr_block_network_border_group": "",
            "ipv6_ipam_pool_id": "",
            "ipv6_netmask_length": 0,
            "main_route_table_id": "rtb-0b4ebf7449b94cc73",
            "owner_id": "155988765466",
            "tags": {
              "Name": "vpc_project"
            },
            "tags_all": {
              "Name": "vpc_project"
            }
          },
          "sensitive_attributes": [],
          "private": "eyJzY2hlbWFfdmVyc2lvbiI6IjEifQ=="
        }
      ]
    },
    {
      "module": "module.vpc.module.eks_infrastructure",
      "mode": "data",
      "type": "aws_availability_zones",
      "name": "available",
      "provider": "module.vpc.module.eks_infrastructure.provider[\"registry.terraform.io/hashicorp/aws\"]",
      "instances": [
        {
          "schema_version": 0,
          "attributes": {
            "all_availability_zones": null,
            "exclude_names": null,
            "exclude_zone_ids": null,
            "filter": null,
            "group_names": [
              "us-east-1"
            ],
            "id": "us-east-1",
            "names": [
              "us-east-1a",
              "us-east-1b",
              "us-east-1c",
              "us-east-1d",
              "us-east-1e",
              "us-east-1f"
            ],
            "state": null,
            "timeouts": null,
            "zone_ids": [
              "use1-az2",
              "use1-az4",
              "use1-az6",
              "use1-az1",
              "use1-az3",
              "use1-az5"
            ]
          },
          "sensitive_attributes": []
        }
      ]
    },
    {
      "module": "module.vpc.module.eks_infrastructure",
      "mode": "data",
      "type": "aws_iam_policy",
      "name": "ebs_csi_policy",
      "provider": "module.vpc.module.eks_infrastructure.provider[\"registry.terraform.io/hashicorp/aws\"]",
      "instances": [
        {
          "schema_version": 0,
          "attributes": {
            "arn": "arn:aws:iam::aws:policy/service-role/AmazonEBSCSIDriverPolicy",
            "description": "IAM Policy that allows the CSI driver service account to make calls to related services such as EC2 on your behalf.",
            "id": "arn:aws:iam::aws:policy/service-role/AmazonEBSCSIDriverPolicy",
            "name": "AmazonEBSCSIDriverPolicy",
            "path": "/service-role/",
            "path_prefix": null,
            "policy": "{\n\t\"Version\": \"2012-10-17\",\n\t\"Statement\": [\n\t\t{\n\t\t\t\"Effect\": \"Allow\",\n\t\t\t\"Action\": [\n\t\t\t\t\"ec2:CreateSnapshot\",\n\t\t\t\t\"ec2:AttachVolume\",\n\t\t\t\t\"ec2:DetachVolume\",\n\t\t\t\t\"ec2:ModifyVolume\",\n\t\t\t\t\"ec2:DescribeAvailabilityZones\",\n\t\t\t\t\"ec2:DescribeInstances\",\n\t\t\t\t\"ec2:DescribeSnapshots\",\n\t\t\t\t\"ec2:DescribeTags\",\n\t\t\t\t\"ec2:DescribeVolumes\",\n\t\t\t\t\"ec2:DescribeVolumesModifications\"\n\t\t\t],\n\t\t\t\"Resource\": \"*\"\n\t\t},\n\t\t{\n\t\t\t\"Effect\": \"Allow\",\n\t\t\t\"Action\": [\n\t\t\t\t\"ec2:CreateTags\"\n\t\t\t],\n\t\t\t\"Resource\": [\n\t\t\t\t\"arn:aws:ec2:*:*:volume/*\",\n\t\t\t\t\"arn:aws:ec2:*:*:snapshot/*\"\n\t\t\t],\n\t\t\t\"Condition\": {\n\t\t\t\t\"StringEquals\": {\n\t\t\t\t\t\"ec2:CreateAction\": [\n\t\t\t\t\t\t\"CreateVolume\",\n\t\t\t\t\t\t\"CreateSnapshot\"\n\t\t\t\t\t]\n\t\t\t\t}\n\t\t\t}\n\t\t},\n\t\t{\n\t\t\t\"Effect\": \"Allow\",\n\t\t\t\"Action\": [\n\t\t\t\t\"ec2:DeleteTags\"\n\t\t\t],\n\t\t\t\"Resource\": [\n\t\t\t\t\"arn:aws:ec2:*:*:volume/*\",\n\t\t\t\t\"arn:aws:ec2:*:*:snapshot/*\"\n\t\t\t]\n\t\t},\n\t\t{\n\t\t\t\"Effect\": \"Allow\",\n\t\t\t\"Action\": [\n\t\t\t\t\"ec2:CreateVolume\"\n\t\t\t],\n\t\t\t\"Resource\": \"*\",\n\t\t\t\"Condition\": {\n\t\t\t\t\"StringLike\": {\n\t\t\t\t\t\"aws:RequestTag/ebs.csi.aws.com/cluster\": \"true\"\n\t\t\t\t}\n\t\t\t}\n\t\t},\n\t\t{\n\t\t\t\"Effect\": \"Allow\",\n\t\t\t\"Action\": [\n\t\t\t\t\"ec2:CreateVolume\"\n\t\t\t],\n\t\t\t\"Resource\": \"*\",\n\t\t\t\"Condition\": {\n\t\t\t\t\"StringLike\": {\n\t\t\t\t\t\"aws:RequestTag/CSIVolumeName\": \"*\"\n\t\t\t\t}\n\t\t\t}\n\t\t},\n\t\t{\n\t\t\t\"Effect\": \"Allow\",\n\t\t\t\"Action\": [\n\t\t\t\t\"ec2:DeleteVolume\"\n\t\t\t],\n\t\t\t\"Resource\": \"*\",\n\t\t\t\"Condition\": {\n\t\t\t\t\"StringLike\": {\n\t\t\t\t\t\"ec2:ResourceTag/ebs.csi.aws.com/cluster\": \"true\"\n\t\t\t\t}\n\t\t\t}\n\t\t},\n\t\t{\n\t\t\t\"Effect\": \"Allow\",\n\t\t\t\"Action\": [\n\t\t\t\t\"ec2:DeleteVolume\"\n\t\t\t],\n\t\t\t\"Resource\": \"*\",\n\t\t\t\"Condition\": {\n\t\t\t\t\"StringLike\": {\n\t\t\t\t\t\"ec2:ResourceTag/CSIVolumeName\": \"*\"\n\t\t\t\t}\n\t\t\t}\n\t\t},\n\t\t{\n\t\t\t\"Effect\": \"Allow\",\n\t\t\t\"Action\": [\n\t\t\t\t\"ec2:DeleteVolume\"\n\t\t\t],\n\t\t\t\"Resource\": \"*\",\n\t\t\t\"Condition\": {\n\t\t\t\t\"StringLike\": {\n\t\t\t\t\t\"ec2:ResourceTag/kubernetes.io/created-for/pvc/name\": \"*\"\n\t\t\t\t}\n\t\t\t}\n\t\t},\n\t\t{\n\t\t\t\"Effect\": \"Allow\",\n\t\t\t\"Action\": [\n\t\t\t\t\"ec2:DeleteSnapshot\"\n\t\t\t],\n\t\t\t\"Resource\": \"*\",\n\t\t\t\"Condition\": {\n\t\t\t\t\"StringLike\": {\n\t\t\t\t\t\"ec2:ResourceTag/CSIVolumeSnapshotName\": \"*\"\n\t\t\t\t}\n\t\t\t}\n\t\t},\n\t\t{\n\t\t\t\"Effect\": \"Allow\",\n\t\t\t\"Action\": [\n\t\t\t\t\"ec2:DeleteSnapshot\"\n\t\t\t],\n\t\t\t\"Resource\": \"*\",\n\t\t\t\"Condition\": {\n\t\t\t\t\"StringLike\": {\n\t\t\t\t\t\"ec2:ResourceTag/ebs.csi.aws.com/cluster\": \"true\"\n\t\t\t\t}\n\t\t\t}\n\t\t}\n\t]\n}",
            "policy_id": "ANPAZKAPJZG4IV6FHD2UE",
            "tags": {}
          },
          "sensitive_attributes": []
        }
      ]
    },
    {
      "module": "module.vpc.module.eks_infrastructure",
      "mode": "managed",
      "type": "aws_eks_addon",
      "name": "ebs-csi",
      "provider": "module.vpc.module.eks_infrastructure.provider[\"registry.terraform.io/hashicorp/aws\"]",
      "instances": [
        {
          "schema_version": 0,
          "attributes": {
            "addon_name": "aws-ebs-csi-driver",
            "addon_version": "v1.5.2-eksbuild.1",
            "arn": "arn:aws:eks:us-east-1:155988765466:addon/education-eks-zwtRvQkH/aws-ebs-csi-driver/1cc3e210-5811-7eec-1eea-2359f44d5098",
            "cluster_name": "education-eks-zwtRvQkH",
            "configuration_values": "",
            "created_at": "2023-04-27T19:11:29Z",
            "id": "education-eks-zwtRvQkH:aws-ebs-csi-driver",
            "modified_at": "2023-04-27T19:26:35Z",
            "preserve": null,
            "resolve_conflicts": null,
            "service_account_role_arn": "arn:aws:iam::155988765466:role/AmazonEKSTFEBSCSIRole-education-eks-zwtRvQkH",
            "tags": {
              "eks_addon": "ebs-csi",
              "terraform": "true"
            },
            "tags_all": {
              "eks_addon": "ebs-csi",
              "terraform": "true"
            },
            "timeouts": null
          },
          "sensitive_attributes": [],
          "private": "eyJlMmJmYjczMC1lY2FhLTExZTYtOGY4OC0zNDM2M2JjN2M0YzAiOnsiY3JlYXRlIjoxMjAwMDAwMDAwMDAwLCJkZWxldGUiOjI0MDAwMDAwMDAwMDAsInVwZGF0ZSI6MTIwMDAwMDAwMDAwMH19",
          "dependencies": [
            "module.vpc.module.eks_infrastructure.data.aws_availability_zones.available",
            "module.vpc.module.eks_infrastructure.module.eks.aws_cloudwatch_log_group.this",
            "module.vpc.module.eks_infrastructure.module.eks.aws_eks_cluster.this",
            "module.vpc.module.eks_infrastructure.module.eks.aws_iam_role.this",
            "module.vpc.module.eks_infrastructure.module.eks.aws_iam_role_policy_attachment.this",
            "module.vpc.module.eks_infrastructure.module.eks.aws_security_group.cluster",
            "module.vpc.module.eks_infrastructure.module.eks.aws_security_group.node",
            "module.vpc.module.eks_infrastructure.module.eks.aws_security_group_rule.cluster",
            "module.vpc.module.eks_infrastructure.module.eks.aws_security_group_rule.node",
            "module.vpc.module.eks_infrastructure.module.eks.data.aws_iam_policy_document.assume_role_policy",
            "module.vpc.module.eks_infrastructure.module.eks.data.aws_iam_session_context.current",
            "module.vpc.module.eks_infrastructure.module.eks.data.aws_partition.current",
            "module.vpc.module.eks_infrastructure.module.eks.module.kms.aws_kms_external_key.this",
            "module.vpc.module.eks_infrastructure.module.eks.module.kms.aws_kms_key.this",
            "module.vpc.module.eks_infrastructure.module.eks.module.kms.data.aws_caller_identity.current",
            "module.vpc.module.eks_infrastructure.module.eks.module.kms.data.aws_iam_policy_document.this",
            "module.vpc.module.eks_infrastructure.module.eks.module.kms.data.aws_partition.current",
            "module.vpc.module.eks_infrastructure.module.irsa-ebs-csi.aws_iam_role.this",
            "module.vpc.module.eks_infrastructure.module.irsa-ebs-csi.data.aws_caller_identity.current",
            "module.vpc.module.eks_infrastructure.module.irsa-ebs-csi.data.aws_iam_policy_document.assume_role_with_oidc",
            "module.vpc.module.eks_infrastructure.module.irsa-ebs-csi.data.aws_partition.current",
            "module.vpc.module.eks_infrastructure.module.vpc.aws_subnet.private",
            "module.vpc.module.eks_infrastructure.module.vpc.aws_vpc.this",
            "module.vpc.module.eks_infrastructure.module.vpc.aws_vpc_ipv4_cidr_block_association.this",
            "module.vpc.module.eks_infrastructure.random_string.suffix"
          ]
        }
      ]
    },
    {
      "module": "module.vpc.module.eks_infrastructure",
      "mode": "managed",
      "type": "random_string",
      "name": "suffix",
      "provider": "provider[\"registry.terraform.io/hashicorp/random\"]",
      "instances": [
        {
          "schema_version": 2,
          "attributes": {
            "id": "zwtRvQkH",
            "keepers": null,
            "length": 8,
            "lower": true,
            "min_lower": 0,
            "min_numeric": 0,
            "min_special": 0,
            "min_upper": 0,
            "number": true,
            "numeric": true,
            "override_special": null,
            "result": "zwtRvQkH",
            "special": false,
            "upper": true
          },
          "sensitive_attributes": [],
          "create_before_destroy": true
        }
      ]
    },
    {
      "module": "module.vpc.module.eks_infrastructure.module.eks",
      "mode": "data",
      "type": "aws_caller_identity",
      "name": "current",
      "provider": "module.vpc.module.eks_infrastructure.provider[\"registry.terraform.io/hashicorp/aws\"]",
      "instances": [
        {
          "schema_version": 0,
          "attributes": {
            "account_id": "155988765466",
            "arn": "arn:aws:iam::155988765466:user/eks_user",
            "id": "155988765466",
            "user_id": "AIDASIUNHVMNC23DBHDRM"
          },
          "sensitive_attributes": []
        }
      ]
    },
    {
      "module": "module.vpc.module.eks_infrastructure.module.eks",
      "mode": "data",
      "type": "aws_iam_policy_document",
      "name": "assume_role_policy",
      "provider": "module.vpc.module.eks_infrastructure.provider[\"registry.terraform.io/hashicorp/aws\"]",
      "instances": [
        {
          "index_key": 0,
          "schema_version": 0,
          "attributes": {
            "id": "1530481229",
            "json": "{\n  \"Version\": \"2012-10-17\",\n  \"Statement\": [\n    {\n      \"Sid\": \"EKSClusterAssumeRole\",\n      \"Effect\": \"Allow\",\n      \"Action\": \"sts:AssumeRole\",\n      \"Principal\": {\n        \"Service\": \"eks.amazonaws.com\"\n      }\n    }\n  ]\n}",
            "override_json": null,
            "override_policy_documents": null,
            "policy_id": null,
            "source_json": null,
            "source_policy_documents": null,
            "statement": [
              {
                "actions": [
                  "sts:AssumeRole"
                ],
                "condition": [],
                "effect": "Allow",
                "not_actions": [],
                "not_principals": [],
                "not_resources": [],
                "principals": [
                  {
                    "identifiers": [
                      "eks.amazonaws.com"
                    ],
                    "type": "Service"
                  }
                ],
                "resources": [],
                "sid": "EKSClusterAssumeRole"
              }
            ],
            "version": "2012-10-17"
          },
          "sensitive_attributes": []
        }
      ]
    },
    {
      "module": "module.vpc.module.eks_infrastructure.module.eks",
      "mode": "data",
      "type": "aws_iam_session_context",
      "name": "current",
      "provider": "module.vpc.module.eks_infrastructure.provider[\"registry.terraform.io/hashicorp/aws\"]",
      "instances": [
        {
          "schema_version": 0,
          "attributes": {
            "arn": "arn:aws:iam::155988765466:user/eks_user",
            "id": "arn:aws:iam::155988765466:user/eks_user",
            "issuer_arn": "arn:aws:iam::155988765466:user/eks_user",
            "issuer_id": "",
            "issuer_name": "",
            "session_name": ""
          },
          "sensitive_attributes": []
        }
      ]
    },
    {
      "module": "module.vpc.module.eks_infrastructure.module.eks",
      "mode": "data",
      "type": "aws_partition",
      "name": "current",
      "provider": "module.vpc.module.eks_infrastructure.provider[\"registry.terraform.io/hashicorp/aws\"]",
      "instances": [
        {
          "schema_version": 0,
          "attributes": {
            "dns_suffix": "amazonaws.com",
            "id": "aws",
            "partition": "aws",
            "reverse_dns_prefix": "com.amazonaws"
          },
          "sensitive_attributes": []
        }
      ]
    },
    {
      "module": "module.vpc.module.eks_infrastructure.module.eks",
      "mode": "data",
      "type": "tls_certificate",
      "name": "this",
      "provider": "provider[\"registry.terraform.io/hashicorp/tls\"]",
      "instances": [
        {
          "index_key": 0,
          "schema_version": 0,
          "attributes": {
            "certificates": [
              {
                "cert_pem": "-----BEGIN CERTIFICATE-----\nMIIEdTCCA12gAwIBAgIJAKcOSkw0grd/MA0GCSqGSIb3DQEBCwUAMGgxCzAJBgNV\nBAYTAlVTMSUwIwYDVQQKExxTdGFyZmllbGQgVGVjaG5vbG9naWVzLCBJbmMuMTIw\nMAYDVQQLEylTdGFyZmllbGQgQ2xhc3MgMiBDZXJ0aWZpY2F0aW9uIEF1dGhvcml0\neTAeFw0wOTA5MDIwMDAwMDBaFw0zNDA2MjgxNzM5MTZaMIGYMQswCQYDVQQGEwJV\nUzEQMA4GA1UECBMHQXJpem9uYTETMBEGA1UEBxMKU2NvdHRzZGFsZTElMCMGA1UE\nChMcU3RhcmZpZWxkIFRlY2hub2xvZ2llcywgSW5jLjE7MDkGA1UEAxMyU3RhcmZp\nZWxkIFNlcnZpY2VzIFJvb3QgQ2VydGlmaWNhdGUgQXV0aG9yaXR5IC0gRzIwggEi\nMA0GCSqGSIb3DQEBAQUAA4IBDwAwggEKAoIBAQDVDDrEKvlO4vW+GZdfjohTsR8/\ny8+fIBNtKTrID30892t2OGPZNmCom15cAICyL1l/9of5JUOG52kbUpqQ4XHj2C0N\nTm/2yEnZtvMaVq4rtnQU68/7JuMauh2WLmo7WJSJR1b/JaCTcFOD2oR0FMNnngRo\nOt+OQFodSk7PQ5E751bWAHDLUu57fa4657wx+UX2wmDPE1kCK4DMNEffud6QZW0C\nzyyRpqbn3oUYSXxmTqM6bam17jQuug0DuDPfR+uxa40l2ZvOgdFFRjKWcIfeAg5J\nQ4W2bHO7ZOphQazJ1FTfhy/HIrImzJ9ZVGif/L4qL8RVHHVAYBeFAlU5i38FAgMB\nAAGjgfAwge0wDwYDVR0TAQH/BAUwAwEB/zAOBgNVHQ8BAf8EBAMCAYYwHQYDVR0O\nBBYEFJxfAN+qAdcwKziIorhtSpzyEZGDMB8GA1UdIwQYMBaAFL9ft9HO3R+G9FtV\nrNzXEMIOqYjnME8GCCsGAQUFBwEBBEMwQTAcBggrBgEFBQcwAYYQaHR0cDovL28u\nc3MyLnVzLzAhBggrBgEFBQcwAoYVaHR0cDovL3guc3MyLnVzL3guY2VyMCYGA1Ud\nHwQfMB0wG6AZoBeGFWh0dHA6Ly9zLnNzMi51cy9yLmNybDARBgNVHSAECjAIMAYG\nBFUdIAAwDQYJKoZIhvcNAQELBQADggEBACMd44pXyn3pF3lM8R5V/cxTbj5HD9/G\nVfKyBDbtgB9TxF00KGu+x1X8Z+rLP3+QsjPNG1gQggL4+C/1E2DUBc7xgQjB3ad1\nl08YuW3e95ORCLp+QCztweq7dp4zBncdDQh/U90bZKuCJ/Fp1U1ervShw3WnWEQt\n8jxwmKy6abaVd38PMV4s/KCHOkdp8Hlf9BRUpJVeEXgSYCfOn8J3/yNTd126/+pZ\n59vPr5KW7ySaNRB6nJHGDn2Z9j8Z3/VyVOEVqQdZe4O/Ui5GjLIAZHYcSNPYeehu\nVsyuLAOQ1xk4meTKCRlb/weWsKh/NEnfVqn3sF/tM+2MR7cwA130A4w=\n-----END CERTIFICATE-----\n",
                "is_ca": true,
                "issuer": "OU=Starfield Class 2 Certification Authority,O=Starfield Technologies\\, Inc.,C=US",
                "not_after": "2034-06-28T17:39:16Z",
                "not_before": "2009-09-02T00:00:00Z",
                "public_key_algorithm": "RSA",
                "serial_number": "12037640545166866303",
                "sha1_fingerprint": "9e99a48a9960b14926bb7f3b02e22da2b0ab7280",
                "signature_algorithm": "SHA256-RSA",
                "subject": "CN=Starfield Services Root Certificate Authority - G2,O=Starfield Technologies\\, Inc.,L=Scottsdale,ST=Arizona,C=US",
                "version": 3
              },
              {
                "cert_pem": "-----BEGIN CERTIFICATE-----\nMIIEkjCCA3qgAwIBAgITBn+USionzfP6wq4rAfkI7rnExjANBgkqhkiG9w0BAQsF\nADCBmDELMAkGA1UEBhMCVVMxEDAOBgNVBAgTB0FyaXpvbmExEzARBgNVBAcTClNj\nb3R0c2RhbGUxJTAjBgNVBAoTHFN0YXJmaWVsZCBUZWNobm9sb2dpZXMsIEluYy4x\nOzA5BgNVBAMTMlN0YXJmaWVsZCBTZXJ2aWNlcyBSb290IENlcnRpZmljYXRlIEF1\ndGhvcml0eSAtIEcyMB4XDTE1MDUyNTEyMDAwMFoXDTM3MTIzMTAxMDAwMFowOTEL\nMAkGA1UEBhMCVVMxDzANBgNVBAoTBkFtYXpvbjEZMBcGA1UEAxMQQW1hem9uIFJv\nb3QgQ0EgMTCCASIwDQYJKoZIhvcNAQEBBQADggEPADCCAQoCggEBALJ4gHHKeNXj\nca9HgFB0fW7Y14h29Jlo91ghYPl0hAEvrAIthtOgQ3pOsqTQNroBvo3bSMgHFzZM\n9O6II8c+6zf1tRn4SWiw3te5djgdYZ6k/oI2peVKVuRF4fn9tBb6dNqcmzU5L/qw\nIFAGbHrQgLKm+a/sRxmPUDgH3KKHOVj4utWp+UhnMJbulHheb4mjUcAwhmahRWa6\nVOujw5H5SNz/0egwLX0tdHA114gk957EWW67c4cX8jJGKLhD+rcdqsq08p8kDi1L\n93FcXmn/6pUCyziKrlA4b9v7LWIbxcceVOF34GfID5yHI9Y/QCB/IIDEgEw+OyQm\njgSubJrIqg0CAwEAAaOCATEwggEtMA8GA1UdEwEB/wQFMAMBAf8wDgYDVR0PAQH/\nBAQDAgGGMB0GA1UdDgQWBBSEGMyFNOy8DJSULghZnMeyEE4KCDAfBgNVHSMEGDAW\ngBScXwDfqgHXMCs4iKK4bUqc8hGRgzB4BggrBgEFBQcBAQRsMGowLgYIKwYBBQUH\nMAGGImh0dHA6Ly9vY3NwLnJvb3RnMi5hbWF6b250cnVzdC5jb20wOAYIKwYBBQUH\nMAKGLGh0dHA6Ly9jcnQucm9vdGcyLmFtYXpvbnRydXN0LmNvbS9yb290ZzIuY2Vy\nMD0GA1UdHwQ2MDQwMqAwoC6GLGh0dHA6Ly9jcmwucm9vdGcyLmFtYXpvbnRydXN0\nLmNvbS9yb290ZzIuY3JsMBEGA1UdIAQKMAgwBgYEVR0gADANBgkqhkiG9w0BAQsF\nAAOCAQEAYjdCXLwQtT6LLOkMm2xF4gcAevnFWAu5CIw+7bMlPLVvUOTNNWqnkzSW\nMiGpSESrnO09tKpzbeR/FoCJbM8oAxiDR3mjEH4wW6w7sGDgd9QIpuEdfF7Au/ma\neyKdpwAJfqxGF4PcnCZXmTA5YpaP7dreqsXMGz7KQ2hsVxa81Q4gLv7/wmpdLqBK\nbRRYh5TmOTFffHPLkIhqhBGWJ6bt2YFGpn6jcgAKUj6DiAdjd4lpFw85hdKrCEVN\n0FE6/V1dN2RMfjCyVSRCnTawXZwXgWHxyvkQAiSr6w10kY17RSlQOYiypok1JR4U\nakcjMS9cmvqtmg5iUaQqqcT5NJ0hGA==\n-----END CERTIFICATE-----\n",
                "is_ca": true,
                "issuer": "CN=Starfield Services Root Certificate Authority - G2,O=Starfield Technologies\\, Inc.,L=Scottsdale,ST=Arizona,C=US",
                "not_after": "2037-12-31T01:00:00Z",
                "not_before": "2015-05-25T12:00:00Z",
                "public_key_algorithm": "RSA",
                "serial_number": "144918191876577076464031512351042010504348870",
                "sha1_fingerprint": "06b25927c42a721631c1efd9431e648fa62e1e39",
                "signature_algorithm": "SHA256-RSA",
                "subject": "CN=Amazon Root CA 1,O=Amazon,C=US",
                "version": 3
              },
              {
                "cert_pem": "-----BEGIN CERTIFICATE-----\nMIIEXjCCA0agAwIBAgITB3MSOAudZoijOx7Zv5zNpo4ODzANBgkqhkiG9w0BAQsF\nADA5MQswCQYDVQQGEwJVUzEPMA0GA1UEChMGQW1hem9uMRkwFwYDVQQDExBBbWF6\nb24gUm9vdCBDQSAxMB4XDTIyMDgyMzIyMjEyOFoXDTMwMDgyMzIyMjEyOFowPDEL\nMAkGA1UEBhMCVVMxDzANBgNVBAoTBkFtYXpvbjEcMBoGA1UEAxMTQW1hem9uIFJT\nQSAyMDQ4IE0wMTCCASIwDQYJKoZIhvcNAQEBBQADggEPADCCAQoCggEBAOtxLKnL\nH4gokjIwr4pXD3i3NyWVVYesZ1yX0yLI2qIUZ2t88Gfa4gMqs1YSXca1R/lnCKeT\nepWSGA+0+fkQNpp/L4C2T7oTTsddUx7g3ZYzByDTlrwS5HRQQqEFE3O1T5tEJP4t\nf+28IoXsNiEzl3UGzicYgtzj2cWCB41eJgEmJmcf2T8TzzK6a614ZPyq/w4CPAff\nnAV4coz96nW3AyiE2uhuB4zQUIXvgVSycW7sbWLvj5TDXunEpNCRwC4kkZjK7rol\njtT2cbb7W2s4Bkg3R42G3PLqBvt2N32e/0JOTViCk8/iccJ4sXqrS1uUN4iB5Nmv\nJK74csVl+0u0UecCAwEAAaOCAVowggFWMBIGA1UdEwEB/wQIMAYBAf8CAQAwDgYD\nVR0PAQH/BAQDAgGGMB0GA1UdJQQWMBQGCCsGAQUFBwMBBggrBgEFBQcDAjAdBgNV\nHQ4EFgQUgbgOY4qJEhjl+js7UJWf5uWQE4UwHwYDVR0jBBgwFoAUhBjMhTTsvAyU\nlC4IWZzHshBOCggwewYIKwYBBQUHAQEEbzBtMC8GCCsGAQUFBzABhiNodHRwOi8v\nb2NzcC5yb290Y2ExLmFtYXpvbnRydXN0LmNvbTA6BggrBgEFBQcwAoYuaHR0cDov\nL2NydC5yb290Y2ExLmFtYXpvbnRydXN0LmNvbS9yb290Y2ExLmNlcjA/BgNVHR8E\nODA2MDSgMqAwhi5odHRwOi8vY3JsLnJvb3RjYTEuYW1hem9udHJ1c3QuY29tL3Jv\nb3RjYTEuY3JsMBMGA1UdIAQMMAowCAYGZ4EMAQIBMA0GCSqGSIb3DQEBCwUAA4IB\nAQCtAN4CBSMuBjJitGuxlBbkEUDeK/pZwTXv4KqPK0G50fOHOQAd8j21p0cMBgbG\nkfMHVwLU7b0XwZCav0h1ogdPMN1KakK1DT0VwA/+hFvGPJnMV1Kx2G4S1ZaSk0uU\n5QfoiYIIano01J5k4T2HapKQmmOhS/iPtuo00wW+IMLeBuKMn3OLn005hcrOGTad\nhcmeyfhQP7Z+iKHvyoQGi1C0ClymHETx/chhQGDyYSWqB/THwnN15AwLQo0E5V9E\nSJlbe4mBlqeInUsNYugExNf+tOiybcrswBy8OFsd34XOW3rjSUtsuafd9AWySa3h\nxRRrwszrzX/WWGm6wyB+f7C4\n-----END CERTIFICATE-----\n",
                "is_ca": true,
                "issuer": "CN=Amazon Root CA 1,O=Amazon,C=US",
                "not_after": "2030-08-23T22:21:28Z",
                "not_before": "2022-08-23T22:21:28Z",
                "public_key_algorithm": "RSA",
                "serial_number": "166129328851546858514271303855646110030630415",
                "sha1_fingerprint": "2ad974a775f73cbdbbd8f5ac3a49255fa8fb1f8c",
                "signature_algorithm": "SHA256-RSA",
                "subject": "CN=Amazon RSA 2048 M01,O=Amazon,C=US",
                "version": 3
              },
              {
                "cert_pem": "-----BEGIN CERTIFICATE-----\nMIIF6jCCBNKgAwIBAgIQCcCk7BIViH8C+Tf4VWxhKzANBgkqhkiG9w0BAQsFADA8\nMQswCQYDVQQGEwJVUzEPMA0GA1UEChMGQW1hem9uMRwwGgYDVQQDExNBbWF6b24g\nUlNBIDIwNDggTTAxMB4XDTIzMDIyMzAwMDAwMFoXDTIzMDYyNjIzNTk1OVowKzEp\nMCcGA1UEAxMgb2lkYy5la3MudXMtZWFzdC0xLmFtYXpvbmF3cy5jb20wggEiMA0G\nCSqGSIb3DQEBAQUAA4IBDwAwggEKAoIBAQCrCuy0md03k+NUS1t9Nd27vLH1+qIL\nTquznJihWn4w76OgUtRCrMuLwohG6kHi+wg6wPkGZP5UC87mEdSLpcOaDvTwPZOz\nHfD5Sd/iX3wHfnqZcpilIiVfBK24dzDkvzy9xm3U6Ng3vvORjoMmTsivq+iw7X9R\n0Mnt8jFq5QQzeDCC8qRftpPtCDQqZ8uoPJIXi815zOHUu/lPxiOp8vBP5PJtHkCD\nZZb21pxeWsJullHoodtmEw2harp7HXoUnksN/oTdc7/t8OQm2Yn80AY86FviW0qY\nTGEJT27ieE8c0qVv49KeNs3t7jXMjam154BONIpVc2Pzqk0bmIBQdcojAgMBAAGj\nggL3MIIC8zAfBgNVHSMEGDAWgBSBuA5jiokSGOX6OztQlZ/m5ZAThTAdBgNVHQ4E\nFgQUttNxultjwL6aC1+JaLWDKcLFL94wKwYDVR0RBCQwIoIgb2lkYy5la3MudXMt\nZWFzdC0xLmFtYXpvbmF3cy5jb20wDgYDVR0PAQH/BAQDAgWgMB0GA1UdJQQWMBQG\nCCsGAQUFBwMBBggrBgEFBQcDAjA7BgNVHR8ENDAyMDCgLqAshipodHRwOi8vY3Js\nLnIybTAxLmFtYXpvbnRydXN0LmNvbS9yMm0wMS5jcmwwEwYDVR0gBAwwCjAIBgZn\ngQwBAgEwdQYIKwYBBQUHAQEEaTBnMC0GCCsGAQUFBzABhiFodHRwOi8vb2NzcC5y\nMm0wMS5hbWF6b250cnVzdC5jb20wNgYIKwYBBQUHMAKGKmh0dHA6Ly9jcnQucjJt\nMDEuYW1hem9udHJ1c3QuY29tL3IybTAxLmNlcjAMBgNVHRMBAf8EAjAAMIIBfAYK\nKwYBBAHWeQIEAgSCAWwEggFoAWYAdQDoPtDaPvUGNTLnVyi8iWvJA9PL0RFr7Otp\n4Xd9bQa9bgAAAYZ+BWwKAAAEAwBGMEQCIGMqdwA4wz13ik32Juibt34DkjMApD6Q\nVpfPq9x98DxPAiALEjtaefkHMAUFEakle1P6EYgE/iMobgHQrh9eXe1jCgB2ALNz\ndwfhhFD4Y4bWBancEQlKeS2xZwwLh9zwAw55NqWaAAABhn4FbBwAAAQDAEcwRQIg\nD2cYqJeiBbDt/tm+IjNBfO0fTuP0O2rpvDCk+f2GruQCIQCP+PWcBtOjVNBVETyQ\nGQ4bzOzSS2VqX5cmItYMUGdlyAB1ALc++yTfnE26dfI5xbpY9Gxd/ELPep81xJ4d\nCYEl7bSZAAABhn4Fa/IAAAQDAEYwRAIgRCMQCgYmzXYR2J4BOK3AghjRw1Bgi3hd\nOOgLVTtDGKsCIFkrCkOmGN59nWDMHqFWasYvIrS+DeehEy6/++gvXnzCMA0GCSqG\nSIb3DQEBCwUAA4IBAQDjAyA4igHNxTeZzePGnh77joIlhYhjM+bYP2sMqpkgm/k+\nMr3WsW5uGtUkKDrU/nqewpBbaERyu38I7AG9kVbRf0iX2hIVR5o5jRPHvhNG9KTn\nfRq8K8SCaoFuq54lHqf/k1SEvMhUquwOIgG+aE39RG3mRi32/ucVMqqZ55Y2ND0O\n7JwvUyLcE31BTT7vAiCwqpwPTWMP4uJXp58D9JpnsgQYqcBWHf4GsN97/B5CtNLh\nlarySf+72Z2OYmAyv5SfBw26DSqsrgwhBuY29MREIIxa1MoBKmezMCODvHUv0KwD\n4NFsttfm7l0h2sfg1Scdfs6LFIvq6mzu6EFqYMNM\n-----END CERTIFICATE-----\n",
                "is_ca": false,
                "issuer": "CN=Amazon RSA 2048 M01,O=Amazon,C=US",
                "not_after": "2023-06-26T23:59:59Z",
                "not_before": "2023-02-23T00:00:00Z",
                "public_key_algorithm": "RSA",
                "serial_number": "12963317977521044204933868342894944555",
                "sha1_fingerprint": "f8e9efef11f4308c0912577ed37afe2707b2721c",
                "signature_algorithm": "SHA256-RSA",
                "subject": "CN=oidc.eks.us-east-1.amazonaws.com",
                "version": 3
              }
            ],
            "content": null,
            "id": "8cb781b6037f4703f17f42d8de4a2c2aa78474ab",
            "url": "https://oidc.eks.us-east-1.amazonaws.com/id/4BCDC124EFE0CCB3A83BC7F97CE944CD",
            "verify_chain": true
          },
          "sensitive_attributes": []
        }
      ]
    },
    {
      "module": "module.vpc.module.eks_infrastructure.module.eks",
      "mode": "managed",
      "type": "aws_cloudwatch_log_group",
      "name": "this",
      "provider": "module.vpc.module.eks_infrastructure.provider[\"registry.terraform.io/hashicorp/aws\"]",
      "instances": [
        {
          "index_key": 0,
          "schema_version": 0,
          "attributes": {
            "arn": "arn:aws:logs:us-east-1:155988765466:log-group:/aws/eks/education-eks-zwtRvQkH/cluster",
            "id": "/aws/eks/education-eks-zwtRvQkH/cluster",
            "kms_key_id": "",
            "name": "/aws/eks/education-eks-zwtRvQkH/cluster",
            "name_prefix": "",
            "retention_in_days": 90,
            "skip_destroy": false,
            "tags": null,
            "tags_all": {}
          },
          "sensitive_attributes": [],
          "private": "bnVsbA==",
          "dependencies": [
            "module.vpc.module.eks_infrastructure.random_string.suffix"
          ],
          "create_before_destroy": true
        }
      ]
    },
    {
      "module": "module.vpc.module.eks_infrastructure.module.eks",
      "mode": "managed",
      "type": "aws_eks_cluster",
      "name": "this",
      "provider": "module.vpc.module.eks_infrastructure.provider[\"registry.terraform.io/hashicorp/aws\"]",
      "instances": [
        {
          "index_key": 0,
          "schema_version": 0,
          "attributes": {
            "arn": "arn:aws:eks:us-east-1:155988765466:cluster/education-eks-zwtRvQkH",
            "certificate_authority": [
              {
                "data": "LS0tLS1CRUdJTiBDRVJUSUZJQ0FURS0tLS0tCk1JSUMvakNDQWVhZ0F3SUJBZ0lCQURBTkJna3Foa2lHOXcwQkFRc0ZBREFWTVJNd0VRWURWUVFERXdwcmRXSmwKY201bGRHVnpNQjRYRFRJek1EUXlOekU1TURRek9Wb1hEVE16TURReU5ERTVNRFF6T1Zvd0ZURVRNQkVHQTFVRQpBeE1LYTNWaVpYSnVaWFJsY3pDQ0FTSXdEUVlKS29aSWh2Y05BUUVCQlFBRGdnRVBBRENDQVFvQ2dnRUJBTWNQCmthQnNIZTRUMzNna1o2OUVQdGUzTmRiOW9Qci9iL3VUSkpRNmRJdHFuWnQ4Z0huYit2dFZVQXZkcWQxNU4yNDQKbUppYlBST2VsNGQ4Mlk5bE1lVkNYTGlzTkZTNDh4NXE4WTJSVEt5OHZQNXYwQmRVNkdqd0czTzhTUC83WXBQWgpFdUNqT1BiV0hseklmSCs1WVF1bnZDTmxnNTVVUDg5Nm12QVV2MlZXcGtBdXdsRE5BTXNuL2ZaRmJPRUswZ21oCktNalRHL1RWK3JwRkdLNjBCWWdSYktjczM5ZUJGbU5WU2dGbGZuV05DVmFHM3lLcEs3ZWRRbVo2TlM3M2ptT2oKUGZpU2VRTC9FcDFBc25OaTBmUVY5VE9lK2JnU2tPWFd0RUhzWmZoOXdyZFBhNjV2WTkwOVpJRnZBdHJZQmh5WQpBbkNiT1dnN0MzaWMvOFk3Q3QwQ0F3RUFBYU5aTUZjd0RnWURWUjBQQVFIL0JBUURBZ0trTUE4R0ExVWRFd0VCCi93UUZNQU1CQWY4d0hRWURWUjBPQkJZRUZIYzBkQkFPd1hnUmFxNnFEV3VKTzJ5V09sUHNNQlVHQTFVZEVRUU8KTUF5Q0NtdDFZbVZ5Ym1WMFpYTXdEUVlKS29aSWh2Y05BUUVMQlFBRGdnRUJBRUV3ZUhYWGhCZzk3ejEwR0VmLwo4MzdBWC9UWlAzc2ZIMkkvbTFLTVlraDlSbDhYNWNDSXJyOGFCNkVlR2VrT0dCaHRYZjRlT0NlYnlGMjc4SFkvCnpkYWFacFg3MTcySWJPeGgzWlI4a0d3emdQaXM3aWFEZ0hlUlpVd1lNeXZ3eGc1ZHdyTGNYOW5kTkNQM1IyTUYKWVoweklFNFh5NW9mTk0rYWg0UVlHcXdPR1pyWWVUdWM3MkQyUkY0b2M3NnQzMWxZTU5CTzNDS3FySUx0V1ZiaApOclNSdUZGR0ZvcDJFTmltOFA3YURpbHY2R0VLZHVmWllnb1dXd016UDJjejhWT1g4L1padWZ0ZDZxdm1IS2oxClcya3VQcXhlNU16eXJTVmVBRHBaYzJEcHRLWThaL1Z0WWZFRmpac0NlZ0RvNkx2TFlFbG83Mzl1c2tTcGxLSlcKWkg0PQotLS0tLUVORCBDRVJUSUZJQ0FURS0tLS0tCg=="
              }
            ],
            "cluster_id": null,
            "created_at": "2023-04-27 18:58:08.657 +0000 UTC",
            "enabled_cluster_log_types": [
              "api",
              "audit",
              "authenticator"
            ],
            "encryption_config": [
              {
                "provider": [
                  {
                    "key_arn": "arn:aws:kms:us-east-1:155988765466:key/e4a32e38-29e0-44ae-8ade-fa56f55bd0b8"
                  }
                ],
                "resources": [
                  "secrets"
                ]
              }
            ],
            "endpoint": "https://4BCDC124EFE0CCB3A83BC7F97CE944CD.gr7.us-east-1.eks.amazonaws.com",
            "id": "education-eks-zwtRvQkH",
            "identity": [
              {
                "oidc": [
                  {
                    "issuer": "https://oidc.eks.us-east-1.amazonaws.com/id/4BCDC124EFE0CCB3A83BC7F97CE944CD"
                  }
                ]
              }
            ],
            "kubernetes_network_config": [
              {
                "ip_family": "ipv4",
                "service_ipv4_cidr": "172.20.0.0/16",
                "service_ipv6_cidr": ""
              }
            ],
            "name": "education-eks-zwtRvQkH",
            "outpost_config": [],
            "platform_version": "eks.5",
            "role_arn": "arn:aws:iam::155988765466:role/education-eks-zwtRvQkH-cluster-20230427185747293300000003",
            "status": "ACTIVE",
            "tags": null,
            "tags_all": {},
            "timeouts": {
              "create": null,
              "delete": null,
              "update": null
            },
            "version": "1.24",
            "vpc_config": [
              {
                "cluster_security_group_id": "sg-0314c5bd3a007b867",
                "endpoint_private_access": true,
                "endpoint_public_access": true,
                "public_access_cidrs": [
                  "0.0.0.0/0"
                ],
                "security_group_ids": [
                  "sg-0143ff8dce7b1c7ce"
                ],
                "subnet_ids": [
                  "subnet-023467f8d95e5a872",
                  "subnet-05b8e0fccdc64d84f",
                  "subnet-064cd1621e1f027c9"
                ],
                "vpc_id": "vpc-02cbddce6f70837e0"
              }
            ]
          },
          "sensitive_attributes": [],
          "private": "eyJlMmJmYjczMC1lY2FhLTExZTYtOGY4OC0zNDM2M2JjN2M0YzAiOnsiY3JlYXRlIjoxODAwMDAwMDAwMDAwLCJkZWxldGUiOjkwMDAwMDAwMDAwMCwidXBkYXRlIjozNjAwMDAwMDAwMDAwfX0=",
          "dependencies": [
            "module.vpc.module.eks_infrastructure.data.aws_availability_zones.available",
            "module.vpc.module.eks_infrastructure.module.eks.aws_cloudwatch_log_group.this",
            "module.vpc.module.eks_infrastructure.module.eks.aws_iam_role.this",
            "module.vpc.module.eks_infrastructure.module.eks.aws_iam_role_policy_attachment.this",
            "module.vpc.module.eks_infrastructure.module.eks.aws_security_group.cluster",
            "module.vpc.module.eks_infrastructure.module.eks.aws_security_group.node",
            "module.vpc.module.eks_infrastructure.module.eks.aws_security_group_rule.cluster",
            "module.vpc.module.eks_infrastructure.module.eks.aws_security_group_rule.node",
            "module.vpc.module.eks_infrastructure.module.eks.data.aws_iam_policy_document.assume_role_policy",
            "module.vpc.module.eks_infrastructure.module.eks.data.aws_iam_session_context.current",
            "module.vpc.module.eks_infrastructure.module.eks.data.aws_partition.current",
            "module.vpc.module.eks_infrastructure.module.eks.module.kms.aws_kms_external_key.this",
            "module.vpc.module.eks_infrastructure.module.eks.module.kms.aws_kms_key.this",
            "module.vpc.module.eks_infrastructure.module.eks.module.kms.data.aws_caller_identity.current",
            "module.vpc.module.eks_infrastructure.module.eks.module.kms.data.aws_iam_policy_document.this",
            "module.vpc.module.eks_infrastructure.module.eks.module.kms.data.aws_partition.current",
            "module.vpc.module.eks_infrastructure.module.vpc.aws_subnet.private",
            "module.vpc.module.eks_infrastructure.module.vpc.aws_vpc.this",
            "module.vpc.module.eks_infrastructure.module.vpc.aws_vpc_ipv4_cidr_block_association.this",
            "module.vpc.module.eks_infrastructure.random_string.suffix"
          ],
          "create_before_destroy": true
        }
      ]
    },
    {
      "module": "module.vpc.module.eks_infrastructure.module.eks",
      "mode": "managed",
      "type": "aws_iam_openid_connect_provider",
      "name": "oidc_provider",
      "provider": "module.vpc.module.eks_infrastructure.provider[\"registry.terraform.io/hashicorp/aws\"]",
      "instances": [
        {
          "index_key": 0,
          "schema_version": 0,
          "attributes": {
            "arn": "arn:aws:iam::155988765466:oidc-provider/oidc.eks.us-east-1.amazonaws.com/id/4BCDC124EFE0CCB3A83BC7F97CE944CD",
            "client_id_list": [
              "sts.amazonaws.com"
            ],
            "id": "arn:aws:iam::155988765466:oidc-provider/oidc.eks.us-east-1.amazonaws.com/id/4BCDC124EFE0CCB3A83BC7F97CE944CD",
            "tags": {
              "Name": "education-eks-zwtRvQkH-eks-irsa"
            },
            "tags_all": {
              "Name": "education-eks-zwtRvQkH-eks-irsa"
            },
            "thumbprint_list": [
              "9e99a48a9960b14926bb7f3b02e22da2b0ab7280",
              "06b25927c42a721631c1efd9431e648fa62e1e39",
              "2ad974a775f73cbdbbd8f5ac3a49255fa8fb1f8c",
              "f8e9efef11f4308c0912577ed37afe2707b2721c"
            ],
            "url": "oidc.eks.us-east-1.amazonaws.com/id/4BCDC124EFE0CCB3A83BC7F97CE944CD"
          },
          "sensitive_attributes": [],
          "private": "bnVsbA==",
          "dependencies": [
            "module.vpc.module.eks_infrastructure.data.aws_availability_zones.available",
            "module.vpc.module.eks_infrastructure.module.eks.aws_cloudwatch_log_group.this",
            "module.vpc.module.eks_infrastructure.module.eks.aws_eks_cluster.this",
            "module.vpc.module.eks_infrastructure.module.eks.aws_iam_role.this",
            "module.vpc.module.eks_infrastructure.module.eks.aws_iam_role_policy_attachment.this",
            "module.vpc.module.eks_infrastructure.module.eks.aws_security_group.cluster",
            "module.vpc.module.eks_infrastructure.module.eks.aws_security_group.node",
            "module.vpc.module.eks_infrastructure.module.eks.aws_security_group_rule.cluster",
            "module.vpc.module.eks_infrastructure.module.eks.aws_security_group_rule.node",
            "module.vpc.module.eks_infrastructure.module.eks.data.aws_iam_policy_document.assume_role_policy",
            "module.vpc.module.eks_infrastructure.module.eks.data.aws_iam_session_context.current",
            "module.vpc.module.eks_infrastructure.module.eks.data.aws_partition.current",
            "module.vpc.module.eks_infrastructure.module.eks.data.tls_certificate.this",
            "module.vpc.module.eks_infrastructure.module.eks.module.kms.aws_kms_external_key.this",
            "module.vpc.module.eks_infrastructure.module.eks.module.kms.aws_kms_key.this",
            "module.vpc.module.eks_infrastructure.module.eks.module.kms.data.aws_caller_identity.current",
            "module.vpc.module.eks_infrastructure.module.eks.module.kms.data.aws_iam_policy_document.this",
            "module.vpc.module.eks_infrastructure.module.eks.module.kms.data.aws_partition.current",
            "module.vpc.module.eks_infrastructure.module.vpc.aws_subnet.private",
            "module.vpc.module.eks_infrastructure.module.vpc.aws_vpc.this",
            "module.vpc.module.eks_infrastructure.module.vpc.aws_vpc_ipv4_cidr_block_association.this",
            "module.vpc.module.eks_infrastructure.random_string.suffix"
          ]
        }
      ]
    },
    {
      "module": "module.vpc.module.eks_infrastructure.module.eks",
      "mode": "managed",
      "type": "aws_iam_policy",
      "name": "cluster_encryption",
      "provider": "module.vpc.module.eks_infrastructure.provider[\"registry.terraform.io/hashicorp/aws\"]",
      "instances": [
        {
          "index_key": 0,
          "schema_version": 0,
          "attributes": {
            "arn": "arn:aws:iam::155988765466:policy/education-eks-zwtRvQkH-cluster-ClusterEncryption2023042718580653890000000e",
            "description": "Cluster encryption policy to allow cluster role to utilize CMK provided",
            "id": "arn:aws:iam::155988765466:policy/education-eks-zwtRvQkH-cluster-ClusterEncryption2023042718580653890000000e",
            "name": "education-eks-zwtRvQkH-cluster-ClusterEncryption2023042718580653890000000e",
            "name_prefix": "education-eks-zwtRvQkH-cluster-ClusterEncryption",
            "path": "/",
            "policy": "{\"Statement\":[{\"Action\":[\"kms:Encrypt\",\"kms:Decrypt\",\"kms:ListGrants\",\"kms:DescribeKey\"],\"Effect\":\"Allow\",\"Resource\":\"arn:aws:kms:us-east-1:155988765466:key/e4a32e38-29e0-44ae-8ade-fa56f55bd0b8\"}],\"Version\":\"2012-10-17\"}",
            "policy_id": "ANPASIUNHVMNGG4YOMUMA",
            "tags": null,
            "tags_all": {}
          },
          "sensitive_attributes": [],
          "private": "bnVsbA==",
          "dependencies": [
            "module.vpc.module.eks_infrastructure.module.eks.aws_iam_role.this",
            "module.vpc.module.eks_infrastructure.module.eks.data.aws_iam_policy_document.assume_role_policy",
            "module.vpc.module.eks_infrastructure.module.eks.data.aws_iam_session_context.current",
            "module.vpc.module.eks_infrastructure.module.eks.module.kms.aws_kms_external_key.this",
            "module.vpc.module.eks_infrastructure.module.eks.module.kms.aws_kms_key.this",
            "module.vpc.module.eks_infrastructure.module.eks.module.kms.data.aws_caller_identity.current",
            "module.vpc.module.eks_infrastructure.module.eks.module.kms.data.aws_iam_policy_document.this",
            "module.vpc.module.eks_infrastructure.module.eks.module.kms.data.aws_partition.current",
            "module.vpc.module.eks_infrastructure.random_string.suffix"
          ]
        }
      ]
    },
    {
      "module": "module.vpc.module.eks_infrastructure.module.eks",
      "mode": "managed",
      "type": "aws_iam_role",
      "name": "this",
      "provider": "module.vpc.module.eks_infrastructure.provider[\"registry.terraform.io/hashicorp/aws\"]",
      "instances": [
        {
          "index_key": 0,
          "schema_version": 0,
          "attributes": {
            "arn": "arn:aws:iam::155988765466:role/education-eks-zwtRvQkH-cluster-20230427185747293300000003",
            "assume_role_policy": "{\"Statement\":[{\"Action\":\"sts:AssumeRole\",\"Effect\":\"Allow\",\"Principal\":{\"Service\":\"eks.amazonaws.com\"},\"Sid\":\"EKSClusterAssumeRole\"}],\"Version\":\"2012-10-17\"}",
            "create_date": "2023-04-27T18:57:47Z",
            "description": "",
            "force_detach_policies": true,
            "id": "education-eks-zwtRvQkH-cluster-20230427185747293300000003",
            "inline_policy": [
              {
                "name": "education-eks-zwtRvQkH-cluster",
                "policy": "{\"Statement\":[{\"Action\":[\"logs:CreateLogGroup\"],\"Effect\":\"Deny\",\"Resource\":\"*\"}],\"Version\":\"2012-10-17\"}"
              }
            ],
            "managed_policy_arns": [],
            "max_session_duration": 3600,
            "name": "education-eks-zwtRvQkH-cluster-20230427185747293300000003",
            "name_prefix": "education-eks-zwtRvQkH-cluster-",
            "path": "/",
            "permissions_boundary": null,
            "tags": null,
            "tags_all": {},
            "unique_id": "AROASIUNHVMNHTM6HM2BL"
          },
          "sensitive_attributes": [],
          "private": "bnVsbA==",
          "dependencies": [
            "module.vpc.module.eks_infrastructure.module.eks.data.aws_iam_policy_document.assume_role_policy",
            "module.vpc.module.eks_infrastructure.random_string.suffix"
          ],
          "create_before_destroy": true
        }
      ]
    },
    {
      "module": "module.vpc.module.eks_infrastructure.module.eks",
      "mode": "managed",
      "type": "aws_iam_role_policy_attachment",
      "name": "cluster_encryption",
      "provider": "module.vpc.module.eks_infrastructure.provider[\"registry.terraform.io/hashicorp/aws\"]",
      "instances": [
        {
          "index_key": 0,
          "schema_version": 0,
          "attributes": {
            "id": "education-eks-zwtRvQkH-cluster-20230427185747293300000003-2023042718580731880000000f",
            "policy_arn": "arn:aws:iam::155988765466:policy/education-eks-zwtRvQkH-cluster-ClusterEncryption2023042718580653890000000e",
            "role": "education-eks-zwtRvQkH-cluster-20230427185747293300000003"
          },
          "sensitive_attributes": [],
          "private": "bnVsbA==",
          "dependencies": [
            "module.vpc.module.eks_infrastructure.module.eks.aws_iam_policy.cluster_encryption",
            "module.vpc.module.eks_infrastructure.module.eks.aws_iam_role.this",
            "module.vpc.module.eks_infrastructure.module.eks.data.aws_iam_policy_document.assume_role_policy",
            "module.vpc.module.eks_infrastructure.module.eks.data.aws_iam_session_context.current",
            "module.vpc.module.eks_infrastructure.module.eks.module.kms.aws_kms_external_key.this",
            "module.vpc.module.eks_infrastructure.module.eks.module.kms.aws_kms_key.this",
            "module.vpc.module.eks_infrastructure.module.eks.module.kms.data.aws_caller_identity.current",
            "module.vpc.module.eks_infrastructure.module.eks.module.kms.data.aws_iam_policy_document.this",
            "module.vpc.module.eks_infrastructure.module.eks.module.kms.data.aws_partition.current",
            "module.vpc.module.eks_infrastructure.random_string.suffix"
          ]
        }
      ]
    },
    {
      "module": "module.vpc.module.eks_infrastructure.module.eks",
      "mode": "managed",
      "type": "aws_iam_role_policy_attachment",
      "name": "this",
      "provider": "module.vpc.module.eks_infrastructure.provider[\"registry.terraform.io/hashicorp/aws\"]",
      "instances": [
        {
          "index_key": "AmazonEKSClusterPolicy",
          "schema_version": 0,
          "attributes": {
            "id": "education-eks-zwtRvQkH-cluster-20230427185747293300000003-2023042718574933790000000a",
            "policy_arn": "arn:aws:iam::aws:policy/AmazonEKSClusterPolicy",
            "role": "education-eks-zwtRvQkH-cluster-20230427185747293300000003"
          },
          "sensitive_attributes": [],
          "private": "bnVsbA==",
          "dependencies": [
            "module.vpc.module.eks_infrastructure.module.eks.aws_iam_role.this",
            "module.vpc.module.eks_infrastructure.module.eks.data.aws_iam_policy_document.assume_role_policy",
            "module.vpc.module.eks_infrastructure.module.eks.data.aws_partition.current",
            "module.vpc.module.eks_infrastructure.random_string.suffix"
          ],
          "create_before_destroy": true
        },
        {
          "index_key": "AmazonEKSVPCResourceController",
          "schema_version": 0,
          "attributes": {
            "id": "education-eks-zwtRvQkH-cluster-20230427185747293300000003-2023042718574937910000000b",
            "policy_arn": "arn:aws:iam::aws:policy/AmazonEKSVPCResourceController",
            "role": "education-eks-zwtRvQkH-cluster-20230427185747293300000003"
          },
          "sensitive_attributes": [],
          "private": "bnVsbA==",
          "dependencies": [
            "module.vpc.module.eks_infrastructure.module.eks.aws_iam_role.this",
            "module.vpc.module.eks_infrastructure.module.eks.data.aws_iam_policy_document.assume_role_policy",
            "module.vpc.module.eks_infrastructure.module.eks.data.aws_partition.current",
            "module.vpc.module.eks_infrastructure.random_string.suffix"
          ],
          "create_before_destroy": true
        }
      ]
    },
    {
      "module": "module.vpc.module.eks_infrastructure.module.eks",
      "mode": "managed",
      "type": "aws_security_group",
      "name": "cluster",
      "provider": "module.vpc.module.eks_infrastructure.provider[\"registry.terraform.io/hashicorp/aws\"]",
      "instances": [
        {
          "index_key": 0,
          "schema_version": 1,
          "attributes": {
            "arn": "arn:aws:ec2:us-east-1:155988765466:security-group/sg-0143ff8dce7b1c7ce",
            "description": "EKS cluster security group",
            "egress": [],
            "id": "sg-0143ff8dce7b1c7ce",
            "ingress": [],
            "name": "education-eks-zwtRvQkH-cluster-2023042718575940140000000d",
            "name_prefix": "education-eks-zwtRvQkH-cluster-",
            "owner_id": "155988765466",
            "revoke_rules_on_delete": false,
            "tags": {
              "Name": "education-eks-zwtRvQkH-cluster"
            },
            "tags_all": {
              "Name": "education-eks-zwtRvQkH-cluster"
            },
            "timeouts": null,
            "vpc_id": "vpc-02cbddce6f70837e0"
          },
          "sensitive_attributes": [],
          "private": "eyJlMmJmYjczMC1lY2FhLTExZTYtOGY4OC0zNDM2M2JjN2M0YzAiOnsiY3JlYXRlIjo2MDAwMDAwMDAwMDAsImRlbGV0ZSI6OTAwMDAwMDAwMDAwfSwic2NoZW1hX3ZlcnNpb24iOiIxIn0=",
          "dependencies": [
            "module.vpc.module.eks_infrastructure.module.vpc.aws_vpc.this",
            "module.vpc.module.eks_infrastructure.random_string.suffix"
          ],
          "create_before_destroy": true
        }
      ]
    },
    {
      "module": "module.vpc.module.eks_infrastructure.module.eks",
      "mode": "managed",
      "type": "aws_security_group",
      "name": "node",
      "provider": "module.vpc.module.eks_infrastructure.provider[\"registry.terraform.io/hashicorp/aws\"]",
      "instances": [
        {
          "index_key": 0,
          "schema_version": 1,
          "attributes": {
            "arn": "arn:aws:ec2:us-east-1:155988765466:security-group/sg-0d840ac098c159b0b",
            "description": "EKS node shared security group",
            "egress": [],
            "id": "sg-0d840ac098c159b0b",
            "ingress": [],
            "name": "education-eks-zwtRvQkH-node-2023042718575937220000000c",
            "name_prefix": "education-eks-zwtRvQkH-node-",
            "owner_id": "155988765466",
            "revoke_rules_on_delete": false,
            "tags": {
              "Name": "education-eks-zwtRvQkH-node",
              "kubernetes.io/cluster/education-eks-zwtRvQkH": "owned"
            },
            "tags_all": {
              "Name": "education-eks-zwtRvQkH-node",
              "kubernetes.io/cluster/education-eks-zwtRvQkH": "owned"
            },
            "timeouts": null,
            "vpc_id": "vpc-02cbddce6f70837e0"
          },
          "sensitive_attributes": [],
          "private": "eyJlMmJmYjczMC1lY2FhLTExZTYtOGY4OC0zNDM2M2JjN2M0YzAiOnsiY3JlYXRlIjo2MDAwMDAwMDAwMDAsImRlbGV0ZSI6OTAwMDAwMDAwMDAwfSwic2NoZW1hX3ZlcnNpb24iOiIxIn0=",
          "dependencies": [
            "module.vpc.module.eks_infrastructure.module.vpc.aws_vpc.this",
            "module.vpc.module.eks_infrastructure.random_string.suffix"
          ],
          "create_before_destroy": true
        }
      ]
    },
    {
      "module": "module.vpc.module.eks_infrastructure.module.eks",
      "mode": "managed",
      "type": "aws_security_group_rule",
      "name": "cluster",
      "provider": "module.vpc.module.eks_infrastructure.provider[\"registry.terraform.io/hashicorp/aws\"]",
      "instances": [
        {
          "index_key": "ingress_nodes_443",
          "schema_version": 2,
          "attributes": {
            "cidr_blocks": null,
            "description": "Node groups to cluster API",
            "from_port": 443,
            "id": "sgrule-1022194884",
            "ipv6_cidr_blocks": null,
            "prefix_list_ids": null,
            "protocol": "tcp",
            "security_group_id": "sg-0143ff8dce7b1c7ce",
            "security_group_rule_id": "sgr-0cec959bfff47070e",
            "self": false,
            "source_security_group_id": "sg-0d840ac098c159b0b",
            "timeouts": null,
            "to_port": 443,
            "type": "ingress"
          },
          "sensitive_attributes": [],
          "private": "eyJlMmJmYjczMC1lY2FhLTExZTYtOGY4OC0zNDM2M2JjN2M0YzAiOnsiY3JlYXRlIjozMDAwMDAwMDAwMDB9LCJzY2hlbWFfdmVyc2lvbiI6IjIifQ==",
          "dependencies": [
            "module.vpc.module.eks_infrastructure.module.eks.aws_security_group.cluster",
            "module.vpc.module.eks_infrastructure.module.eks.aws_security_group.node",
            "module.vpc.module.eks_infrastructure.module.vpc.aws_vpc.this",
            "module.vpc.module.eks_infrastructure.random_string.suffix"
          ],
          "create_before_destroy": true
        }
      ]
    },
    {
      "module": "module.vpc.module.eks_infrastructure.module.eks",
      "mode": "managed",
      "type": "aws_security_group_rule",
      "name": "node",
      "provider": "module.vpc.module.eks_infrastructure.provider[\"registry.terraform.io/hashicorp/aws\"]",
      "instances": [
        {
          "index_key": "egress_all",
          "schema_version": 2,
          "attributes": {
            "cidr_blocks": [
              "0.0.0.0/0"
            ],
            "description": "Allow all egress",
            "from_port": 0,
            "id": "sgrule-1835150568",
            "ipv6_cidr_blocks": null,
            "prefix_list_ids": [],
            "protocol": "-1",
            "security_group_id": "sg-0d840ac098c159b0b",
            "security_group_rule_id": "sgr-0edab9b6ea2c19bf9",
            "self": false,
            "source_security_group_id": null,
            "timeouts": null,
            "to_port": 0,
            "type": "egress"
          },
          "sensitive_attributes": [],
          "private": "eyJlMmJmYjczMC1lY2FhLTExZTYtOGY4OC0zNDM2M2JjN2M0YzAiOnsiY3JlYXRlIjozMDAwMDAwMDAwMDB9LCJzY2hlbWFfdmVyc2lvbiI6IjIifQ==",
          "dependencies": [
            "module.vpc.module.eks_infrastructure.module.eks.aws_security_group.cluster",
            "module.vpc.module.eks_infrastructure.module.eks.aws_security_group.node",
            "module.vpc.module.eks_infrastructure.module.vpc.aws_vpc.this",
            "module.vpc.module.eks_infrastructure.random_string.suffix"
          ],
          "create_before_destroy": true
        },
        {
          "index_key": "ingress_cluster_443",
          "schema_version": 2,
          "attributes": {
            "cidr_blocks": null,
            "description": "Cluster API to node groups",
            "from_port": 443,
            "id": "sgrule-2009517926",
            "ipv6_cidr_blocks": null,
            "prefix_list_ids": [],
            "protocol": "tcp",
            "security_group_id": "sg-0d840ac098c159b0b",
            "security_group_rule_id": "sgr-0defd449e7444f265",
            "self": false,
            "source_security_group_id": "sg-0143ff8dce7b1c7ce",
            "timeouts": null,
            "to_port": 443,
            "type": "ingress"
          },
          "sensitive_attributes": [],
          "private": "eyJlMmJmYjczMC1lY2FhLTExZTYtOGY4OC0zNDM2M2JjN2M0YzAiOnsiY3JlYXRlIjozMDAwMDAwMDAwMDB9LCJzY2hlbWFfdmVyc2lvbiI6IjIifQ==",
          "dependencies": [
            "module.vpc.module.eks_infrastructure.module.eks.aws_security_group.cluster",
            "module.vpc.module.eks_infrastructure.module.eks.aws_security_group.node",
            "module.vpc.module.eks_infrastructure.module.vpc.aws_vpc.this",
            "module.vpc.module.eks_infrastructure.random_string.suffix"
          ],
          "create_before_destroy": true
        },
        {
          "index_key": "ingress_cluster_4443_webhook",
          "schema_version": 2,
          "attributes": {
            "cidr_blocks": null,
            "description": "Cluster API to node 4443/tcp webhook",
            "from_port": 4443,
            "id": "sgrule-1914177617",
            "ipv6_cidr_blocks": null,
            "prefix_list_ids": [],
            "protocol": "tcp",
            "security_group_id": "sg-0d840ac098c159b0b",
            "security_group_rule_id": "sgr-0ab422c2c0a5dfae3",
            "self": false,
            "source_security_group_id": "sg-0143ff8dce7b1c7ce",
            "timeouts": null,
            "to_port": 4443,
            "type": "ingress"
          },
          "sensitive_attributes": [],
          "private": "eyJlMmJmYjczMC1lY2FhLTExZTYtOGY4OC0zNDM2M2JjN2M0YzAiOnsiY3JlYXRlIjozMDAwMDAwMDAwMDB9LCJzY2hlbWFfdmVyc2lvbiI6IjIifQ==",
          "dependencies": [
            "module.vpc.module.eks_infrastructure.module.eks.aws_security_group.cluster",
            "module.vpc.module.eks_infrastructure.module.eks.aws_security_group.node",
            "module.vpc.module.eks_infrastructure.module.vpc.aws_vpc.this",
            "module.vpc.module.eks_infrastructure.random_string.suffix"
          ],
          "create_before_destroy": true
        },
        {
          "index_key": "ingress_cluster_8443_webhook",
          "schema_version": 2,
          "attributes": {
            "cidr_blocks": null,
            "description": "Cluster API to node 8443/tcp webhook",
            "from_port": 8443,
            "id": "sgrule-1475980312",
            "ipv6_cidr_blocks": null,
            "prefix_list_ids": [],
            "protocol": "tcp",
            "security_group_id": "sg-0d840ac098c159b0b",
            "security_group_rule_id": "sgr-0c258981c42ee3006",
            "self": false,
            "source_security_group_id": "sg-0143ff8dce7b1c7ce",
            "timeouts": null,
            "to_port": 8443,
            "type": "ingress"
          },
          "sensitive_attributes": [],
          "private": "eyJlMmJmYjczMC1lY2FhLTExZTYtOGY4OC0zNDM2M2JjN2M0YzAiOnsiY3JlYXRlIjozMDAwMDAwMDAwMDB9LCJzY2hlbWFfdmVyc2lvbiI6IjIifQ==",
          "dependencies": [
            "module.vpc.module.eks_infrastructure.module.eks.aws_security_group.cluster",
            "module.vpc.module.eks_infrastructure.module.eks.aws_security_group.node",
            "module.vpc.module.eks_infrastructure.module.vpc.aws_vpc.this",
            "module.vpc.module.eks_infrastructure.random_string.suffix"
          ],
          "create_before_destroy": true
        },
        {
          "index_key": "ingress_cluster_9443_webhook",
          "schema_version": 2,
          "attributes": {
            "cidr_blocks": null,
            "description": "Cluster API to node 9443/tcp webhook",
            "from_port": 9443,
            "id": "sgrule-861446099",
            "ipv6_cidr_blocks": null,
            "prefix_list_ids": [],
            "protocol": "tcp",
            "security_group_id": "sg-0d840ac098c159b0b",
            "security_group_rule_id": "sgr-0f93248e3303f664f",
            "self": false,
            "source_security_group_id": "sg-0143ff8dce7b1c7ce",
            "timeouts": null,
            "to_port": 9443,
            "type": "ingress"
          },
          "sensitive_attributes": [],
          "private": "eyJlMmJmYjczMC1lY2FhLTExZTYtOGY4OC0zNDM2M2JjN2M0YzAiOnsiY3JlYXRlIjozMDAwMDAwMDAwMDB9LCJzY2hlbWFfdmVyc2lvbiI6IjIifQ==",
          "dependencies": [
            "module.vpc.module.eks_infrastructure.module.eks.aws_security_group.cluster",
            "module.vpc.module.eks_infrastructure.module.eks.aws_security_group.node",
            "module.vpc.module.eks_infrastructure.module.vpc.aws_vpc.this",
            "module.vpc.module.eks_infrastructure.random_string.suffix"
          ],
          "create_before_destroy": true
        },
        {
          "index_key": "ingress_cluster_kubelet",
          "schema_version": 2,
          "attributes": {
            "cidr_blocks": null,
            "description": "Cluster API to node kubelets",
            "from_port": 10250,
            "id": "sgrule-1850691494",
            "ipv6_cidr_blocks": null,
            "prefix_list_ids": [],
            "protocol": "tcp",
            "security_group_id": "sg-0d840ac098c159b0b",
            "security_group_rule_id": "sgr-0148891458ab42bd8",
            "self": false,
            "source_security_group_id": "sg-0143ff8dce7b1c7ce",
            "timeouts": null,
            "to_port": 10250,
            "type": "ingress"
          },
          "sensitive_attributes": [],
          "private": "eyJlMmJmYjczMC1lY2FhLTExZTYtOGY4OC0zNDM2M2JjN2M0YzAiOnsiY3JlYXRlIjozMDAwMDAwMDAwMDB9LCJzY2hlbWFfdmVyc2lvbiI6IjIifQ==",
          "dependencies": [
            "module.vpc.module.eks_infrastructure.module.eks.aws_security_group.cluster",
            "module.vpc.module.eks_infrastructure.module.eks.aws_security_group.node",
            "module.vpc.module.eks_infrastructure.module.vpc.aws_vpc.this",
            "module.vpc.module.eks_infrastructure.random_string.suffix"
          ],
          "create_before_destroy": true
        },
        {
          "index_key": "ingress_nodes_ephemeral",
          "schema_version": 2,
          "attributes": {
            "cidr_blocks": null,
            "description": "Node to node ingress on ephemeral ports",
            "from_port": 1025,
            "id": "sgrule-652527207",
            "ipv6_cidr_blocks": null,
            "prefix_list_ids": [],
            "protocol": "tcp",
            "security_group_id": "sg-0d840ac098c159b0b",
            "security_group_rule_id": "sgr-0a1cb81a9b411b5fe",
            "self": true,
            "source_security_group_id": null,
            "timeouts": null,
            "to_port": 65535,
            "type": "ingress"
          },
          "sensitive_attributes": [],
          "private": "eyJlMmJmYjczMC1lY2FhLTExZTYtOGY4OC0zNDM2M2JjN2M0YzAiOnsiY3JlYXRlIjozMDAwMDAwMDAwMDB9LCJzY2hlbWFfdmVyc2lvbiI6IjIifQ==",
          "dependencies": [
            "module.vpc.module.eks_infrastructure.module.eks.aws_security_group.cluster",
            "module.vpc.module.eks_infrastructure.module.eks.aws_security_group.node",
            "module.vpc.module.eks_infrastructure.module.vpc.aws_vpc.this",
            "module.vpc.module.eks_infrastructure.random_string.suffix"
          ],
          "create_before_destroy": true
        },
        {
          "index_key": "ingress_self_coredns_tcp",
          "schema_version": 2,
          "attributes": {
            "cidr_blocks": null,
            "description": "Node to node CoreDNS",
            "from_port": 53,
            "id": "sgrule-1841928017",
            "ipv6_cidr_blocks": null,
            "prefix_list_ids": [],
            "protocol": "tcp",
            "security_group_id": "sg-0d840ac098c159b0b",
            "security_group_rule_id": "sgr-0efc4f8134f0feece",
            "self": true,
            "source_security_group_id": null,
            "timeouts": null,
            "to_port": 53,
            "type": "ingress"
          },
          "sensitive_attributes": [],
          "private": "eyJlMmJmYjczMC1lY2FhLTExZTYtOGY4OC0zNDM2M2JjN2M0YzAiOnsiY3JlYXRlIjozMDAwMDAwMDAwMDB9LCJzY2hlbWFfdmVyc2lvbiI6IjIifQ==",
          "dependencies": [
            "module.vpc.module.eks_infrastructure.module.eks.aws_security_group.cluster",
            "module.vpc.module.eks_infrastructure.module.eks.aws_security_group.node",
            "module.vpc.module.eks_infrastructure.module.vpc.aws_vpc.this",
            "module.vpc.module.eks_infrastructure.random_string.suffix"
          ],
          "create_before_destroy": true
        },
        {
          "index_key": "ingress_self_coredns_udp",
          "schema_version": 2,
          "attributes": {
            "cidr_blocks": null,
            "description": "Node to node CoreDNS UDP",
            "from_port": 53,
            "id": "sgrule-912902978",
            "ipv6_cidr_blocks": null,
            "prefix_list_ids": [],
            "protocol": "udp",
            "security_group_id": "sg-0d840ac098c159b0b",
            "security_group_rule_id": "sgr-03302b44f57f5dfa7",
            "self": true,
            "source_security_group_id": null,
            "timeouts": null,
            "to_port": 53,
            "type": "ingress"
          },
          "sensitive_attributes": [],
          "private": "eyJlMmJmYjczMC1lY2FhLTExZTYtOGY4OC0zNDM2M2JjN2M0YzAiOnsiY3JlYXRlIjozMDAwMDAwMDAwMDB9LCJzY2hlbWFfdmVyc2lvbiI6IjIifQ==",
          "dependencies": [
            "module.vpc.module.eks_infrastructure.module.eks.aws_security_group.cluster",
            "module.vpc.module.eks_infrastructure.module.eks.aws_security_group.node",
            "module.vpc.module.eks_infrastructure.module.vpc.aws_vpc.this",
            "module.vpc.module.eks_infrastructure.random_string.suffix"
          ],
          "create_before_destroy": true
        }
      ]
    },
    {
      "module": "module.vpc.module.eks_infrastructure.module.eks.module.eks_managed_node_group[\"one\"]",
      "mode": "data",
      "type": "aws_caller_identity",
      "name": "current",
      "provider": "module.vpc.module.eks_infrastructure.provider[\"registry.terraform.io/hashicorp/aws\"]",
      "instances": [
        {
          "schema_version": 0,
          "attributes": {
            "account_id": "155988765466",
            "arn": "arn:aws:iam::155988765466:user/eks_user",
            "id": "155988765466",
            "user_id": "AIDASIUNHVMNC23DBHDRM"
          },
          "sensitive_attributes": []
        }
      ]
    },
    {
      "module": "module.vpc.module.eks_infrastructure.module.eks.module.eks_managed_node_group[\"one\"]",
      "mode": "data",
      "type": "aws_iam_policy_document",
      "name": "assume_role_policy",
      "provider": "module.vpc.module.eks_infrastructure.provider[\"registry.terraform.io/hashicorp/aws\"]",
      "instances": [
        {
          "index_key": 0,
          "schema_version": 0,
          "attributes": {
            "id": "1734879000",
            "json": "{\n  \"Version\": \"2012-10-17\",\n  \"Statement\": [\n    {\n      \"Sid\": \"EKSNodeAssumeRole\",\n      \"Effect\": \"Allow\",\n      \"Action\": \"sts:AssumeRole\",\n      \"Principal\": {\n        \"Service\": \"ec2.amazonaws.com\"\n      }\n    }\n  ]\n}",
            "override_json": null,
            "override_policy_documents": null,
            "policy_id": null,
            "source_json": null,
            "source_policy_documents": null,
            "statement": [
              {
                "actions": [
                  "sts:AssumeRole"
                ],
                "condition": [],
                "effect": "Allow",
                "not_actions": [],
                "not_principals": [],
                "not_resources": [],
                "principals": [
                  {
                    "identifiers": [
                      "ec2.amazonaws.com"
                    ],
                    "type": "Service"
                  }
                ],
                "resources": [],
                "sid": "EKSNodeAssumeRole"
              }
            ],
            "version": "2012-10-17"
          },
          "sensitive_attributes": []
        }
      ]
    },
    {
      "module": "module.vpc.module.eks_infrastructure.module.eks.module.eks_managed_node_group[\"one\"]",
      "mode": "data",
      "type": "aws_partition",
      "name": "current",
      "provider": "module.vpc.module.eks_infrastructure.provider[\"registry.terraform.io/hashicorp/aws\"]",
      "instances": [
        {
          "schema_version": 0,
          "attributes": {
            "dns_suffix": "amazonaws.com",
            "id": "aws",
            "partition": "aws",
            "reverse_dns_prefix": "com.amazonaws"
          },
          "sensitive_attributes": []
        }
      ]
    },
    {
      "module": "module.vpc.module.eks_infrastructure.module.eks.module.eks_managed_node_group[\"one\"]",
      "mode": "managed",
      "type": "aws_eks_node_group",
      "name": "this",
      "provider": "module.vpc.module.eks_infrastructure.provider[\"registry.terraform.io/hashicorp/aws\"]",
      "instances": [
        {
          "index_key": 0,
          "schema_version": 0,
          "attributes": {
            "ami_type": "AL2_x86_64",
            "arn": "arn:aws:eks:us-east-1:155988765466:nodegroup/education-eks-zwtRvQkH/node-group-1-20230427191128346900000017/aec3e210-56bf-ad86-b8d0-8e293f020e71",
            "capacity_type": "ON_DEMAND",
            "cluster_name": "education-eks-zwtRvQkH",
            "disk_size": 0,
            "force_update_version": null,
            "id": "education-eks-zwtRvQkH:node-group-1-20230427191128346900000017",
            "instance_types": [
              "t3.small"
            ],
            "labels": null,
            "launch_template": [
              {
                "id": "lt-0b5e1c1c1d0ef4700",
                "name": "one-20230427191127165200000011",
                "version": "1"
              }
            ],
            "node_group_name": "node-group-1-20230427191128346900000017",
            "node_group_name_prefix": "node-group-1-",
            "node_role_arn": "arn:aws:iam::155988765466:role/node-group-1-eks-node-group-20230427185747278800000002",
            "release_version": "1.24.11-20230411",
            "remote_access": [],
            "resources": [
              {
                "autoscaling_groups": [
                  {
                    "name": "eks-node-group-1-20230427191128346900000017-aec3e210-56bf-ad86-b8d0-8e293f020e71"
                  }
                ],
                "remote_access_security_group_id": ""
              }
            ],
            "scaling_config": [
              {
                "desired_size": 2,
                "max_size": 3,
                "min_size": 1
              }
            ],
            "status": "ACTIVE",
            "subnet_ids": [
              "subnet-023467f8d95e5a872",
              "subnet-05b8e0fccdc64d84f",
              "subnet-064cd1621e1f027c9"
            ],
            "tags": {
              "Name": "node-group-1"
            },
            "tags_all": {
              "Name": "node-group-1"
            },
            "taint": [],
            "timeouts": {
              "create": null,
              "delete": null,
              "update": null
            },
            "update_config": [
              {
                "max_unavailable": 0,
                "max_unavailable_percentage": 33
              }
            ],
            "version": "1.24"
          },
          "sensitive_attributes": [],
          "private": "eyJlMmJmYjczMC1lY2FhLTExZTYtOGY4OC0zNDM2M2JjN2M0YzAiOnsiY3JlYXRlIjozNjAwMDAwMDAwMDAwLCJkZWxldGUiOjM2MDAwMDAwMDAwMDAsInVwZGF0ZSI6MzYwMDAwMDAwMDAwMH19",
          "dependencies": [
            "module.vpc.module.eks_infrastructure.data.aws_availability_zones.available",
            "module.vpc.module.eks_infrastructure.module.eks.aws_cloudwatch_log_group.this",
            "module.vpc.module.eks_infrastructure.module.eks.aws_eks_cluster.this",
            "module.vpc.module.eks_infrastructure.module.eks.aws_iam_role.this",
            "module.vpc.module.eks_infrastructure.module.eks.aws_iam_role_policy_attachment.this",
            "module.vpc.module.eks_infrastructure.module.eks.aws_security_group.cluster",
            "module.vpc.module.eks_infrastructure.module.eks.aws_security_group.node",
            "module.vpc.module.eks_infrastructure.module.eks.aws_security_group_rule.cluster",
            "module.vpc.module.eks_infrastructure.module.eks.aws_security_group_rule.node",
            "module.vpc.module.eks_infrastructure.module.eks.data.aws_iam_policy_document.assume_role_policy",
            "module.vpc.module.eks_infrastructure.module.eks.data.aws_iam_session_context.current",
            "module.vpc.module.eks_infrastructure.module.eks.data.aws_partition.current",
            "module.vpc.module.eks_infrastructure.module.eks.module.eks_managed_node_group.aws_iam_role.this",
            "module.vpc.module.eks_infrastructure.module.eks.module.eks_managed_node_group.aws_iam_role_policy_attachment.this",
            "module.vpc.module.eks_infrastructure.module.eks.module.eks_managed_node_group.aws_launch_template.this",
            "module.vpc.module.eks_infrastructure.module.eks.module.eks_managed_node_group.data.aws_caller_identity.current",
            "module.vpc.module.eks_infrastructure.module.eks.module.eks_managed_node_group.data.aws_iam_policy_document.assume_role_policy",
            "module.vpc.module.eks_infrastructure.module.eks.module.eks_managed_node_group.data.aws_partition.current",
            "module.vpc.module.eks_infrastructure.module.eks.module.eks_managed_node_group.module.user_data.data.cloudinit_config.linux_eks_managed_node_group",
            "module.vpc.module.eks_infrastructure.module.eks.module.kms.aws_kms_external_key.this",
            "module.vpc.module.eks_infrastructure.module.eks.module.kms.aws_kms_key.this",
            "module.vpc.module.eks_infrastructure.module.eks.module.kms.data.aws_caller_identity.current",
            "module.vpc.module.eks_infrastructure.module.eks.module.kms.data.aws_iam_policy_document.this",
            "module.vpc.module.eks_infrastructure.module.eks.module.kms.data.aws_partition.current",
            "module.vpc.module.eks_infrastructure.module.vpc.aws_subnet.private",
            "module.vpc.module.eks_infrastructure.module.vpc.aws_vpc.this",
            "module.vpc.module.eks_infrastructure.module.vpc.aws_vpc_ipv4_cidr_block_association.this",
            "module.vpc.module.eks_infrastructure.random_string.suffix"
          ],
          "create_before_destroy": true
        }
      ]
    },
    {
      "module": "module.vpc.module.eks_infrastructure.module.eks.module.eks_managed_node_group[\"one\"]",
      "mode": "managed",
      "type": "aws_iam_role",
      "name": "this",
      "provider": "module.vpc.module.eks_infrastructure.provider[\"registry.terraform.io/hashicorp/aws\"]",
      "instances": [
        {
          "index_key": 0,
          "schema_version": 0,
          "attributes": {
            "arn": "arn:aws:iam::155988765466:role/node-group-1-eks-node-group-20230427185747278800000002",
            "assume_role_policy": "{\"Statement\":[{\"Action\":\"sts:AssumeRole\",\"Effect\":\"Allow\",\"Principal\":{\"Service\":\"ec2.amazonaws.com\"},\"Sid\":\"EKSNodeAssumeRole\"}],\"Version\":\"2012-10-17\"}",
            "create_date": "2023-04-27T18:57:47Z",
            "description": "EKS managed node group IAM role",
            "force_detach_policies": true,
            "id": "node-group-1-eks-node-group-20230427185747278800000002",
            "inline_policy": [],
            "managed_policy_arns": [],
            "max_session_duration": 3600,
            "name": "node-group-1-eks-node-group-20230427185747278800000002",
            "name_prefix": "node-group-1-eks-node-group-",
            "path": "/",
            "permissions_boundary": null,
            "tags": null,
            "tags_all": {},
            "unique_id": "AROASIUNHVMNJTV7YDU6J"
          },
          "sensitive_attributes": [],
          "private": "bnVsbA==",
          "dependencies": [
            "module.vpc.module.eks_infrastructure.module.eks.module.eks_managed_node_group.data.aws_iam_policy_document.assume_role_policy"
          ],
          "create_before_destroy": true
        }
      ]
    },
    {
      "module": "module.vpc.module.eks_infrastructure.module.eks.module.eks_managed_node_group[\"one\"]",
      "mode": "managed",
      "type": "aws_iam_role_policy_attachment",
      "name": "this",
      "provider": "module.vpc.module.eks_infrastructure.provider[\"registry.terraform.io/hashicorp/aws\"]",
      "instances": [
        {
          "index_key": "arn:aws:iam::aws:policy/AmazonEC2ContainerRegistryReadOnly",
          "schema_version": 0,
          "attributes": {
            "id": "node-group-1-eks-node-group-20230427185747278800000002-20230427185748804700000009",
            "policy_arn": "arn:aws:iam::aws:policy/AmazonEC2ContainerRegistryReadOnly",
            "role": "node-group-1-eks-node-group-20230427185747278800000002"
          },
          "sensitive_attributes": [],
          "private": "bnVsbA==",
          "dependencies": [
            "module.vpc.module.eks_infrastructure.module.eks.module.eks_managed_node_group.aws_iam_role.this",
            "module.vpc.module.eks_infrastructure.module.eks.module.eks_managed_node_group.data.aws_caller_identity.current",
            "module.vpc.module.eks_infrastructure.module.eks.module.eks_managed_node_group.data.aws_iam_policy_document.assume_role_policy",
            "module.vpc.module.eks_infrastructure.module.eks.module.eks_managed_node_group.data.aws_partition.current"
          ],
          "create_before_destroy": true
        },
        {
          "index_key": "arn:aws:iam::aws:policy/AmazonEKSWorkerNodePolicy",
          "schema_version": 0,
          "attributes": {
            "id": "node-group-1-eks-node-group-20230427185747278800000002-20230427185748525100000006",
            "policy_arn": "arn:aws:iam::aws:policy/AmazonEKSWorkerNodePolicy",
            "role": "node-group-1-eks-node-group-20230427185747278800000002"
          },
          "sensitive_attributes": [],
          "private": "bnVsbA==",
          "dependencies": [
            "module.vpc.module.eks_infrastructure.module.eks.module.eks_managed_node_group.aws_iam_role.this",
            "module.vpc.module.eks_infrastructure.module.eks.module.eks_managed_node_group.data.aws_caller_identity.current",
            "module.vpc.module.eks_infrastructure.module.eks.module.eks_managed_node_group.data.aws_iam_policy_document.assume_role_policy",
            "module.vpc.module.eks_infrastructure.module.eks.module.eks_managed_node_group.data.aws_partition.current"
          ],
          "create_before_destroy": true
        },
        {
          "index_key": "arn:aws:iam::aws:policy/AmazonEKS_CNI_Policy",
          "schema_version": 0,
          "attributes": {
            "id": "node-group-1-eks-node-group-20230427185747278800000002-20230427185748657800000008",
            "policy_arn": "arn:aws:iam::aws:policy/AmazonEKS_CNI_Policy",
            "role": "node-group-1-eks-node-group-20230427185747278800000002"
          },
          "sensitive_attributes": [],
          "private": "bnVsbA==",
          "dependencies": [
            "module.vpc.module.eks_infrastructure.module.eks.module.eks_managed_node_group.aws_iam_role.this",
            "module.vpc.module.eks_infrastructure.module.eks.module.eks_managed_node_group.data.aws_caller_identity.current",
            "module.vpc.module.eks_infrastructure.module.eks.module.eks_managed_node_group.data.aws_iam_policy_document.assume_role_policy",
            "module.vpc.module.eks_infrastructure.module.eks.module.eks_managed_node_group.data.aws_partition.current"
          ],
          "create_before_destroy": true
        }
      ]
    },
    {
      "module": "module.vpc.module.eks_infrastructure.module.eks.module.eks_managed_node_group[\"one\"]",
      "mode": "managed",
      "type": "aws_launch_template",
      "name": "this",
      "provider": "module.vpc.module.eks_infrastructure.provider[\"registry.terraform.io/hashicorp/aws\"]",
      "instances": [
        {
          "index_key": 0,
          "schema_version": 0,
          "attributes": {
            "arn": "arn:aws:ec2:us-east-1:155988765466:launch-template/lt-0b5e1c1c1d0ef4700",
            "block_device_mappings": [],
            "capacity_reservation_specification": [],
            "cpu_options": [],
            "credit_specification": [],
            "default_version": 1,
            "description": "Custom launch template for node-group-1 EKS managed node group",
            "disable_api_stop": false,
            "disable_api_termination": false,
            "ebs_optimized": "",
            "elastic_gpu_specifications": [],
            "elastic_inference_accelerator": [],
            "enclave_options": [],
            "hibernation_options": [],
            "iam_instance_profile": [],
            "id": "lt-0b5e1c1c1d0ef4700",
            "image_id": "",
            "instance_initiated_shutdown_behavior": "",
            "instance_market_options": [],
            "instance_requirements": [],
            "instance_type": "",
            "kernel_id": "",
            "key_name": "",
            "latest_version": 1,
            "license_specification": [],
            "maintenance_options": [],
            "metadata_options": [
              {
                "http_endpoint": "enabled",
                "http_protocol_ipv6": "disabled",
                "http_put_response_hop_limit": 2,
                "http_tokens": "required",
                "instance_metadata_tags": "disabled"
              }
            ],
            "monitoring": [
              {
                "enabled": true
              }
            ],
            "name": "one-20230427191127165200000011",
            "name_prefix": "one-",
            "network_interfaces": [],
            "placement": [],
            "private_dns_name_options": [],
            "ram_disk_id": "",
            "security_group_names": null,
            "tag_specifications": [
              {
                "resource_type": "instance",
                "tags": {
                  "Name": "node-group-1"
                }
              },
              {
                "resource_type": "network-interface",
                "tags": {
                  "Name": "node-group-1"
                }
              },
              {
                "resource_type": "volume",
                "tags": {
                  "Name": "node-group-1"
                }
              }
            ],
            "tags": null,
            "tags_all": {},
            "update_default_version": true,
            "user_data": "",
            "vpc_security_group_ids": [
              "sg-0d840ac098c159b0b"
            ]
          },
          "sensitive_attributes": [],
          "private": "bnVsbA==",
          "dependencies": [
            "module.vpc.module.eks_infrastructure.data.aws_availability_zones.available",
            "module.vpc.module.eks_infrastructure.module.eks.aws_cloudwatch_log_group.this",
            "module.vpc.module.eks_infrastructure.module.eks.aws_eks_cluster.this",
            "module.vpc.module.eks_infrastructure.module.eks.aws_iam_role.this",
            "module.vpc.module.eks_infrastructure.module.eks.aws_iam_role_policy_attachment.this",
            "module.vpc.module.eks_infrastructure.module.eks.aws_security_group.cluster",
            "module.vpc.module.eks_infrastructure.module.eks.aws_security_group.node",
            "module.vpc.module.eks_infrastructure.module.eks.aws_security_group_rule.cluster",
            "module.vpc.module.eks_infrastructure.module.eks.aws_security_group_rule.node",
            "module.vpc.module.eks_infrastructure.module.eks.data.aws_iam_policy_document.assume_role_policy",
            "module.vpc.module.eks_infrastructure.module.eks.data.aws_iam_session_context.current",
            "module.vpc.module.eks_infrastructure.module.eks.data.aws_partition.current",
            "module.vpc.module.eks_infrastructure.module.eks.module.eks_managed_node_group.aws_iam_role.this",
            "module.vpc.module.eks_infrastructure.module.eks.module.eks_managed_node_group.aws_iam_role_policy_attachment.this",
            "module.vpc.module.eks_infrastructure.module.eks.module.eks_managed_node_group.data.aws_caller_identity.current",
            "module.vpc.module.eks_infrastructure.module.eks.module.eks_managed_node_group.data.aws_iam_policy_document.assume_role_policy",
            "module.vpc.module.eks_infrastructure.module.eks.module.eks_managed_node_group.data.aws_partition.current",
            "module.vpc.module.eks_infrastructure.module.eks.module.eks_managed_node_group.module.user_data.data.cloudinit_config.linux_eks_managed_node_group",
            "module.vpc.module.eks_infrastructure.module.eks.module.kms.aws_kms_external_key.this",
            "module.vpc.module.eks_infrastructure.module.eks.module.kms.aws_kms_key.this",
            "module.vpc.module.eks_infrastructure.module.eks.module.kms.data.aws_caller_identity.current",
            "module.vpc.module.eks_infrastructure.module.eks.module.kms.data.aws_iam_policy_document.this",
            "module.vpc.module.eks_infrastructure.module.eks.module.kms.data.aws_partition.current",
            "module.vpc.module.eks_infrastructure.module.vpc.aws_subnet.private",
            "module.vpc.module.eks_infrastructure.module.vpc.aws_vpc.this",
            "module.vpc.module.eks_infrastructure.module.vpc.aws_vpc_ipv4_cidr_block_association.this",
            "module.vpc.module.eks_infrastructure.random_string.suffix"
          ],
          "create_before_destroy": true
        }
      ]
    },
    {
      "module": "module.vpc.module.eks_infrastructure.module.eks.module.eks_managed_node_group[\"two\"]",
      "mode": "data",
      "type": "aws_caller_identity",
      "name": "current",
      "provider": "module.vpc.module.eks_infrastructure.provider[\"registry.terraform.io/hashicorp/aws\"]",
      "instances": [
        {
          "schema_version": 0,
          "attributes": {
            "account_id": "155988765466",
            "arn": "arn:aws:iam::155988765466:user/eks_user",
            "id": "155988765466",
            "user_id": "AIDASIUNHVMNC23DBHDRM"
          },
          "sensitive_attributes": []
        }
      ]
    },
    {
      "module": "module.vpc.module.eks_infrastructure.module.eks.module.eks_managed_node_group[\"two\"]",
      "mode": "data",
      "type": "aws_iam_policy_document",
      "name": "assume_role_policy",
      "provider": "module.vpc.module.eks_infrastructure.provider[\"registry.terraform.io/hashicorp/aws\"]",
      "instances": [
        {
          "index_key": 0,
          "schema_version": 0,
          "attributes": {
            "id": "1734879000",
            "json": "{\n  \"Version\": \"2012-10-17\",\n  \"Statement\": [\n    {\n      \"Sid\": \"EKSNodeAssumeRole\",\n      \"Effect\": \"Allow\",\n      \"Action\": \"sts:AssumeRole\",\n      \"Principal\": {\n        \"Service\": \"ec2.amazonaws.com\"\n      }\n    }\n  ]\n}",
            "override_json": null,
            "override_policy_documents": null,
            "policy_id": null,
            "source_json": null,
            "source_policy_documents": null,
            "statement": [
              {
                "actions": [
                  "sts:AssumeRole"
                ],
                "condition": [],
                "effect": "Allow",
                "not_actions": [],
                "not_principals": [],
                "not_resources": [],
                "principals": [
                  {
                    "identifiers": [
                      "ec2.amazonaws.com"
                    ],
                    "type": "Service"
                  }
                ],
                "resources": [],
                "sid": "EKSNodeAssumeRole"
              }
            ],
            "version": "2012-10-17"
          },
          "sensitive_attributes": []
        }
      ]
    },
    {
      "module": "module.vpc.module.eks_infrastructure.module.eks.module.eks_managed_node_group[\"two\"]",
      "mode": "data",
      "type": "aws_partition",
      "name": "current",
      "provider": "module.vpc.module.eks_infrastructure.provider[\"registry.terraform.io/hashicorp/aws\"]",
      "instances": [
        {
          "schema_version": 0,
          "attributes": {
            "dns_suffix": "amazonaws.com",
            "id": "aws",
            "partition": "aws",
            "reverse_dns_prefix": "com.amazonaws"
          },
          "sensitive_attributes": []
        }
      ]
    },
    {
      "module": "module.vpc.module.eks_infrastructure.module.eks.module.eks_managed_node_group[\"two\"]",
      "mode": "managed",
      "type": "aws_eks_node_group",
      "name": "this",
      "provider": "module.vpc.module.eks_infrastructure.provider[\"registry.terraform.io/hashicorp/aws\"]",
      "instances": [
        {
          "index_key": 0,
          "schema_version": 0,
          "attributes": {
            "ami_type": "AL2_x86_64",
            "arn": "arn:aws:eks:us-east-1:155988765466:nodegroup/education-eks-zwtRvQkH/node-group-2-20230427191128345200000015/fec3e210-56bc-2109-c36e-92b8130fdbf4",
            "capacity_type": "ON_DEMAND",
            "cluster_name": "education-eks-zwtRvQkH",
            "disk_size": 0,
            "force_update_version": null,
            "id": "education-eks-zwtRvQkH:node-group-2-20230427191128345200000015",
            "instance_types": [
              "t3.small"
            ],
            "labels": null,
            "launch_template": [
              {
                "id": "lt-01821dc38275f362e",
                "name": "two-20230427191127168200000013",
                "version": "1"
              }
            ],
            "node_group_name": "node-group-2-20230427191128345200000015",
            "node_group_name_prefix": "node-group-2-",
            "node_role_arn": "arn:aws:iam::155988765466:role/node-group-2-eks-node-group-20230427185747268400000001",
            "release_version": "1.24.11-20230411",
            "remote_access": [],
            "resources": [
              {
                "autoscaling_groups": [
                  {
                    "name": "eks-node-group-2-20230427191128345200000015-fec3e210-56bc-2109-c36e-92b8130fdbf4"
                  }
                ],
                "remote_access_security_group_id": ""
              }
            ],
            "scaling_config": [
              {
                "desired_size": 1,
                "max_size": 2,
                "min_size": 1
              }
            ],
            "status": "ACTIVE",
            "subnet_ids": [
              "subnet-023467f8d95e5a872",
              "subnet-05b8e0fccdc64d84f",
              "subnet-064cd1621e1f027c9"
            ],
            "tags": {
              "Name": "node-group-2"
            },
            "tags_all": {
              "Name": "node-group-2"
            },
            "taint": [],
            "timeouts": {
              "create": null,
              "delete": null,
              "update": null
            },
            "update_config": [
              {
                "max_unavailable": 0,
                "max_unavailable_percentage": 33
              }
            ],
            "version": "1.24"
          },
          "sensitive_attributes": [],
          "private": "eyJlMmJmYjczMC1lY2FhLTExZTYtOGY4OC0zNDM2M2JjN2M0YzAiOnsiY3JlYXRlIjozNjAwMDAwMDAwMDAwLCJkZWxldGUiOjM2MDAwMDAwMDAwMDAsInVwZGF0ZSI6MzYwMDAwMDAwMDAwMH19",
          "dependencies": [
            "module.vpc.module.eks_infrastructure.data.aws_availability_zones.available",
            "module.vpc.module.eks_infrastructure.module.eks.aws_cloudwatch_log_group.this",
            "module.vpc.module.eks_infrastructure.module.eks.aws_eks_cluster.this",
            "module.vpc.module.eks_infrastructure.module.eks.aws_iam_role.this",
            "module.vpc.module.eks_infrastructure.module.eks.aws_iam_role_policy_attachment.this",
            "module.vpc.module.eks_infrastructure.module.eks.aws_security_group.cluster",
            "module.vpc.module.eks_infrastructure.module.eks.aws_security_group.node",
            "module.vpc.module.eks_infrastructure.module.eks.aws_security_group_rule.cluster",
            "module.vpc.module.eks_infrastructure.module.eks.aws_security_group_rule.node",
            "module.vpc.module.eks_infrastructure.module.eks.data.aws_iam_policy_document.assume_role_policy",
            "module.vpc.module.eks_infrastructure.module.eks.data.aws_iam_session_context.current",
            "module.vpc.module.eks_infrastructure.module.eks.data.aws_partition.current",
            "module.vpc.module.eks_infrastructure.module.eks.module.eks_managed_node_group.aws_iam_role.this",
            "module.vpc.module.eks_infrastructure.module.eks.module.eks_managed_node_group.aws_iam_role_policy_attachment.this",
            "module.vpc.module.eks_infrastructure.module.eks.module.eks_managed_node_group.aws_launch_template.this",
            "module.vpc.module.eks_infrastructure.module.eks.module.eks_managed_node_group.data.aws_caller_identity.current",
            "module.vpc.module.eks_infrastructure.module.eks.module.eks_managed_node_group.data.aws_iam_policy_document.assume_role_policy",
            "module.vpc.module.eks_infrastructure.module.eks.module.eks_managed_node_group.data.aws_partition.current",
            "module.vpc.module.eks_infrastructure.module.eks.module.eks_managed_node_group.module.user_data.data.cloudinit_config.linux_eks_managed_node_group",
            "module.vpc.module.eks_infrastructure.module.eks.module.kms.aws_kms_external_key.this",
            "module.vpc.module.eks_infrastructure.module.eks.module.kms.aws_kms_key.this",
            "module.vpc.module.eks_infrastructure.module.eks.module.kms.data.aws_caller_identity.current",
            "module.vpc.module.eks_infrastructure.module.eks.module.kms.data.aws_iam_policy_document.this",
            "module.vpc.module.eks_infrastructure.module.eks.module.kms.data.aws_partition.current",
            "module.vpc.module.eks_infrastructure.module.vpc.aws_subnet.private",
            "module.vpc.module.eks_infrastructure.module.vpc.aws_vpc.this",
            "module.vpc.module.eks_infrastructure.module.vpc.aws_vpc_ipv4_cidr_block_association.this",
            "module.vpc.module.eks_infrastructure.random_string.suffix"
          ],
          "create_before_destroy": true
        }
      ]
    },
    {
      "module": "module.vpc.module.eks_infrastructure.module.eks.module.eks_managed_node_group[\"two\"]",
      "mode": "managed",
      "type": "aws_iam_role",
      "name": "this",
      "provider": "module.vpc.module.eks_infrastructure.provider[\"registry.terraform.io/hashicorp/aws\"]",
      "instances": [
        {
          "index_key": 0,
          "schema_version": 0,
          "attributes": {
            "arn": "arn:aws:iam::155988765466:role/node-group-2-eks-node-group-20230427185747268400000001",
            "assume_role_policy": "{\"Statement\":[{\"Action\":\"sts:AssumeRole\",\"Effect\":\"Allow\",\"Principal\":{\"Service\":\"ec2.amazonaws.com\"},\"Sid\":\"EKSNodeAssumeRole\"}],\"Version\":\"2012-10-17\"}",
            "create_date": "2023-04-27T18:57:47Z",
            "description": "EKS managed node group IAM role",
            "force_detach_policies": true,
            "id": "node-group-2-eks-node-group-20230427185747268400000001",
            "inline_policy": [],
            "managed_policy_arns": [],
            "max_session_duration": 3600,
            "name": "node-group-2-eks-node-group-20230427185747268400000001",
            "name_prefix": "node-group-2-eks-node-group-",
            "path": "/",
            "permissions_boundary": null,
            "tags": null,
            "tags_all": {},
            "unique_id": "AROASIUNHVMNPQD6W2G4V"
          },
          "sensitive_attributes": [],
          "private": "bnVsbA==",
          "dependencies": [
            "module.vpc.module.eks_infrastructure.module.eks.module.eks_managed_node_group.data.aws_iam_policy_document.assume_role_policy"
          ],
          "create_before_destroy": true
        }
      ]
    },
    {
      "module": "module.vpc.module.eks_infrastructure.module.eks.module.eks_managed_node_group[\"two\"]",
      "mode": "managed",
      "type": "aws_iam_role_policy_attachment",
      "name": "this",
      "provider": "module.vpc.module.eks_infrastructure.provider[\"registry.terraform.io/hashicorp/aws\"]",
      "instances": [
        {
          "index_key": "arn:aws:iam::aws:policy/AmazonEC2ContainerRegistryReadOnly",
          "schema_version": 0,
          "attributes": {
            "id": "node-group-2-eks-node-group-20230427185747268400000001-20230427185748485700000004",
            "policy_arn": "arn:aws:iam::aws:policy/AmazonEC2ContainerRegistryReadOnly",
            "role": "node-group-2-eks-node-group-20230427185747268400000001"
          },
          "sensitive_attributes": [],
          "private": "bnVsbA==",
          "dependencies": [
            "module.vpc.module.eks_infrastructure.module.eks.module.eks_managed_node_group.aws_iam_role.this",
            "module.vpc.module.eks_infrastructure.module.eks.module.eks_managed_node_group.data.aws_caller_identity.current",
            "module.vpc.module.eks_infrastructure.module.eks.module.eks_managed_node_group.data.aws_iam_policy_document.assume_role_policy",
            "module.vpc.module.eks_infrastructure.module.eks.module.eks_managed_node_group.data.aws_partition.current"
          ],
          "create_before_destroy": true
        },
        {
          "index_key": "arn:aws:iam::aws:policy/AmazonEKSWorkerNodePolicy",
          "schema_version": 0,
          "attributes": {
            "id": "node-group-2-eks-node-group-20230427185747268400000001-20230427185748487100000005",
            "policy_arn": "arn:aws:iam::aws:policy/AmazonEKSWorkerNodePolicy",
            "role": "node-group-2-eks-node-group-20230427185747268400000001"
          },
          "sensitive_attributes": [],
          "private": "bnVsbA==",
          "dependencies": [
            "module.vpc.module.eks_infrastructure.module.eks.module.eks_managed_node_group.aws_iam_role.this",
            "module.vpc.module.eks_infrastructure.module.eks.module.eks_managed_node_group.data.aws_caller_identity.current",
            "module.vpc.module.eks_infrastructure.module.eks.module.eks_managed_node_group.data.aws_iam_policy_document.assume_role_policy",
            "module.vpc.module.eks_infrastructure.module.eks.module.eks_managed_node_group.data.aws_partition.current"
          ],
          "create_before_destroy": true
        },
        {
          "index_key": "arn:aws:iam::aws:policy/AmazonEKS_CNI_Policy",
          "schema_version": 0,
          "attributes": {
            "id": "node-group-2-eks-node-group-20230427185747268400000001-20230427185748635800000007",
            "policy_arn": "arn:aws:iam::aws:policy/AmazonEKS_CNI_Policy",
            "role": "node-group-2-eks-node-group-20230427185747268400000001"
          },
          "sensitive_attributes": [],
          "private": "bnVsbA==",
          "dependencies": [
            "module.vpc.module.eks_infrastructure.module.eks.module.eks_managed_node_group.aws_iam_role.this",
            "module.vpc.module.eks_infrastructure.module.eks.module.eks_managed_node_group.data.aws_caller_identity.current",
            "module.vpc.module.eks_infrastructure.module.eks.module.eks_managed_node_group.data.aws_iam_policy_document.assume_role_policy",
            "module.vpc.module.eks_infrastructure.module.eks.module.eks_managed_node_group.data.aws_partition.current"
          ],
          "create_before_destroy": true
        }
      ]
    },
    {
      "module": "module.vpc.module.eks_infrastructure.module.eks.module.eks_managed_node_group[\"two\"]",
      "mode": "managed",
      "type": "aws_launch_template",
      "name": "this",
      "provider": "module.vpc.module.eks_infrastructure.provider[\"registry.terraform.io/hashicorp/aws\"]",
      "instances": [
        {
          "index_key": 0,
          "schema_version": 0,
          "attributes": {
            "arn": "arn:aws:ec2:us-east-1:155988765466:launch-template/lt-01821dc38275f362e",
            "block_device_mappings": [],
            "capacity_reservation_specification": [],
            "cpu_options": [],
            "credit_specification": [],
            "default_version": 1,
            "description": "Custom launch template for node-group-2 EKS managed node group",
            "disable_api_stop": false,
            "disable_api_termination": false,
            "ebs_optimized": "",
            "elastic_gpu_specifications": [],
            "elastic_inference_accelerator": [],
            "enclave_options": [],
            "hibernation_options": [],
            "iam_instance_profile": [],
            "id": "lt-01821dc38275f362e",
            "image_id": "",
            "instance_initiated_shutdown_behavior": "",
            "instance_market_options": [],
            "instance_requirements": [],
            "instance_type": "",
            "kernel_id": "",
            "key_name": "",
            "latest_version": 1,
            "license_specification": [],
            "maintenance_options": [],
            "metadata_options": [
              {
                "http_endpoint": "enabled",
                "http_protocol_ipv6": "disabled",
                "http_put_response_hop_limit": 2,
                "http_tokens": "required",
                "instance_metadata_tags": "disabled"
              }
            ],
            "monitoring": [
              {
                "enabled": true
              }
            ],
            "name": "two-20230427191127168200000013",
            "name_prefix": "two-",
            "network_interfaces": [],
            "placement": [],
            "private_dns_name_options": [],
            "ram_disk_id": "",
            "security_group_names": null,
            "tag_specifications": [
              {
                "resource_type": "instance",
                "tags": {
                  "Name": "node-group-2"
                }
              },
              {
                "resource_type": "network-interface",
                "tags": {
                  "Name": "node-group-2"
                }
              },
              {
                "resource_type": "volume",
                "tags": {
                  "Name": "node-group-2"
                }
              }
            ],
            "tags": null,
            "tags_all": {},
            "update_default_version": true,
            "user_data": "",
            "vpc_security_group_ids": [
              "sg-0d840ac098c159b0b"
            ]
          },
          "sensitive_attributes": [],
          "private": "bnVsbA==",
          "dependencies": [
            "module.vpc.module.eks_infrastructure.data.aws_availability_zones.available",
            "module.vpc.module.eks_infrastructure.module.eks.aws_cloudwatch_log_group.this",
            "module.vpc.module.eks_infrastructure.module.eks.aws_eks_cluster.this",
            "module.vpc.module.eks_infrastructure.module.eks.aws_iam_role.this",
            "module.vpc.module.eks_infrastructure.module.eks.aws_iam_role_policy_attachment.this",
            "module.vpc.module.eks_infrastructure.module.eks.aws_security_group.cluster",
            "module.vpc.module.eks_infrastructure.module.eks.aws_security_group.node",
            "module.vpc.module.eks_infrastructure.module.eks.aws_security_group_rule.cluster",
            "module.vpc.module.eks_infrastructure.module.eks.aws_security_group_rule.node",
            "module.vpc.module.eks_infrastructure.module.eks.data.aws_iam_policy_document.assume_role_policy",
            "module.vpc.module.eks_infrastructure.module.eks.data.aws_iam_session_context.current",
            "module.vpc.module.eks_infrastructure.module.eks.data.aws_partition.current",
            "module.vpc.module.eks_infrastructure.module.eks.module.eks_managed_node_group.aws_iam_role.this",
            "module.vpc.module.eks_infrastructure.module.eks.module.eks_managed_node_group.aws_iam_role_policy_attachment.this",
            "module.vpc.module.eks_infrastructure.module.eks.module.eks_managed_node_group.data.aws_caller_identity.current",
            "module.vpc.module.eks_infrastructure.module.eks.module.eks_managed_node_group.data.aws_iam_policy_document.assume_role_policy",
            "module.vpc.module.eks_infrastructure.module.eks.module.eks_managed_node_group.data.aws_partition.current",
            "module.vpc.module.eks_infrastructure.module.eks.module.eks_managed_node_group.module.user_data.data.cloudinit_config.linux_eks_managed_node_group",
            "module.vpc.module.eks_infrastructure.module.eks.module.kms.aws_kms_external_key.this",
            "module.vpc.module.eks_infrastructure.module.eks.module.kms.aws_kms_key.this",
            "module.vpc.module.eks_infrastructure.module.eks.module.kms.data.aws_caller_identity.current",
            "module.vpc.module.eks_infrastructure.module.eks.module.kms.data.aws_iam_policy_document.this",
            "module.vpc.module.eks_infrastructure.module.eks.module.kms.data.aws_partition.current",
            "module.vpc.module.eks_infrastructure.module.vpc.aws_subnet.private",
            "module.vpc.module.eks_infrastructure.module.vpc.aws_vpc.this",
            "module.vpc.module.eks_infrastructure.module.vpc.aws_vpc_ipv4_cidr_block_association.this",
            "module.vpc.module.eks_infrastructure.random_string.suffix"
          ],
          "create_before_destroy": true
        }
      ]
    },
    {
      "module": "module.vpc.module.eks_infrastructure.module.eks.module.kms",
      "mode": "data",
      "type": "aws_caller_identity",
      "name": "current",
      "provider": "module.vpc.module.eks_infrastructure.provider[\"registry.terraform.io/hashicorp/aws\"]",
      "instances": [
        {
          "schema_version": 0,
          "attributes": {
            "account_id": "155988765466",
            "arn": "arn:aws:iam::155988765466:user/eks_user",
            "id": "155988765466",
            "user_id": "AIDASIUNHVMNC23DBHDRM"
          },
          "sensitive_attributes": []
        }
      ]
    },
    {
      "module": "module.vpc.module.eks_infrastructure.module.eks.module.kms",
      "mode": "data",
      "type": "aws_iam_policy_document",
      "name": "this",
      "provider": "module.vpc.module.eks_infrastructure.provider[\"registry.terraform.io/hashicorp/aws\"]",
      "instances": [
        {
          "index_key": 0,
          "schema_version": 0,
          "attributes": {
            "id": "506078299",
            "json": "{\n  \"Version\": \"2012-10-17\",\n  \"Statement\": [\n    {\n      \"Sid\": \"KeyAdministration\",\n      \"Effect\": \"Allow\",\n      \"Action\": [\n        \"kms:Update*\",\n        \"kms:UntagResource\",\n        \"kms:TagResource\",\n        \"kms:ScheduleKeyDeletion\",\n        \"kms:Revoke*\",\n        \"kms:Put*\",\n        \"kms:List*\",\n        \"kms:Get*\",\n        \"kms:Enable*\",\n        \"kms:Disable*\",\n        \"kms:Describe*\",\n        \"kms:Delete*\",\n        \"kms:Create*\",\n        \"kms:CancelKeyDeletion\"\n      ],\n      \"Resource\": \"*\",\n      \"Principal\": {\n        \"AWS\": \"arn:aws:iam::155988765466:user/eks_user\"\n      }\n    },\n    {\n      \"Sid\": \"KeyUsage\",\n      \"Effect\": \"Allow\",\n      \"Action\": [\n        \"kms:ReEncrypt*\",\n        \"kms:GenerateDataKey*\",\n        \"kms:Encrypt\",\n        \"kms:DescribeKey\",\n        \"kms:Decrypt\"\n      ],\n      \"Resource\": \"*\",\n      \"Principal\": {\n        \"AWS\": \"arn:aws:iam::155988765466:role/education-eks-zwtRvQkH-cluster-20230427185747293300000003\"\n      }\n    }\n  ]\n}",
            "override_json": null,
            "override_policy_documents": null,
            "policy_id": null,
            "source_json": null,
            "source_policy_documents": null,
            "statement": [
              {
                "actions": [
                  "kms:CancelKeyDeletion",
                  "kms:Create*",
                  "kms:Delete*",
                  "kms:Describe*",
                  "kms:Disable*",
                  "kms:Enable*",
                  "kms:Get*",
                  "kms:List*",
                  "kms:Put*",
                  "kms:Revoke*",
                  "kms:ScheduleKeyDeletion",
                  "kms:TagResource",
                  "kms:UntagResource",
                  "kms:Update*"
                ],
                "condition": [],
                "effect": "Allow",
                "not_actions": [],
                "not_principals": [],
                "not_resources": [],
                "principals": [
                  {
                    "identifiers": [
                      "arn:aws:iam::155988765466:user/eks_user"
                    ],
                    "type": "AWS"
                  }
                ],
                "resources": [
                  "*"
                ],
                "sid": "KeyAdministration"
              },
              {
                "actions": [
                  "kms:Decrypt",
                  "kms:DescribeKey",
                  "kms:Encrypt",
                  "kms:GenerateDataKey*",
                  "kms:ReEncrypt*"
                ],
                "condition": [],
                "effect": "Allow",
                "not_actions": [],
                "not_principals": [],
                "not_resources": [],
                "principals": [
                  {
                    "identifiers": [
                      "arn:aws:iam::155988765466:role/education-eks-zwtRvQkH-cluster-20230427185747293300000003"
                    ],
                    "type": "AWS"
                  }
                ],
                "resources": [
                  "*"
                ],
                "sid": "KeyUsage"
              }
            ],
            "version": "2012-10-17"
          },
          "sensitive_attributes": []
        }
      ]
    },
    {
      "module": "module.vpc.module.eks_infrastructure.module.eks.module.kms",
      "mode": "data",
      "type": "aws_partition",
      "name": "current",
      "provider": "module.vpc.module.eks_infrastructure.provider[\"registry.terraform.io/hashicorp/aws\"]",
      "instances": [
        {
          "schema_version": 0,
          "attributes": {
            "dns_suffix": "amazonaws.com",
            "id": "aws",
            "partition": "aws",
            "reverse_dns_prefix": "com.amazonaws"
          },
          "sensitive_attributes": []
        }
      ]
    },
    {
      "module": "module.vpc.module.eks_infrastructure.module.eks.module.kms",
      "mode": "managed",
      "type": "aws_kms_alias",
      "name": "this",
      "provider": "module.vpc.module.eks_infrastructure.provider[\"registry.terraform.io/hashicorp/aws\"]",
      "instances": [
        {
          "index_key": "cluster",
          "schema_version": 0,
          "attributes": {
            "arn": "arn:aws:kms:us-east-1:155988765466:alias/eks/education-eks-zwtRvQkH",
            "id": "alias/eks/education-eks-zwtRvQkH",
            "name": "alias/eks/education-eks-zwtRvQkH",
            "name_prefix": "",
            "target_key_arn": "arn:aws:kms:us-east-1:155988765466:key/e4a32e38-29e0-44ae-8ade-fa56f55bd0b8",
            "target_key_id": "e4a32e38-29e0-44ae-8ade-fa56f55bd0b8"
          },
          "sensitive_attributes": [],
          "private": "bnVsbA==",
          "dependencies": [
            "module.vpc.module.eks_infrastructure.module.eks.aws_iam_role.this",
            "module.vpc.module.eks_infrastructure.module.eks.data.aws_iam_policy_document.assume_role_policy",
            "module.vpc.module.eks_infrastructure.module.eks.data.aws_iam_session_context.current",
            "module.vpc.module.eks_infrastructure.module.eks.module.kms.aws_kms_external_key.this",
            "module.vpc.module.eks_infrastructure.module.eks.module.kms.aws_kms_key.this",
            "module.vpc.module.eks_infrastructure.module.eks.module.kms.data.aws_caller_identity.current",
            "module.vpc.module.eks_infrastructure.module.eks.module.kms.data.aws_iam_policy_document.this",
            "module.vpc.module.eks_infrastructure.module.eks.module.kms.data.aws_partition.current",
            "module.vpc.module.eks_infrastructure.random_string.suffix"
          ]
        }
      ]
    },
    {
      "module": "module.vpc.module.eks_infrastructure.module.eks.module.kms",
      "mode": "managed",
      "type": "aws_kms_key",
      "name": "this",
      "provider": "module.vpc.module.eks_infrastructure.provider[\"registry.terraform.io/hashicorp/aws\"]",
      "instances": [
        {
          "index_key": 0,
          "schema_version": 0,
          "attributes": {
            "arn": "arn:aws:kms:us-east-1:155988765466:key/e4a32e38-29e0-44ae-8ade-fa56f55bd0b8",
            "bypass_policy_lockout_safety_check": false,
            "custom_key_store_id": "",
            "customer_master_key_spec": "SYMMETRIC_DEFAULT",
            "deletion_window_in_days": null,
            "description": "education-eks-zwtRvQkH cluster encryption key",
            "enable_key_rotation": true,
            "id": "e4a32e38-29e0-44ae-8ade-fa56f55bd0b8",
            "is_enabled": true,
            "key_id": "e4a32e38-29e0-44ae-8ade-fa56f55bd0b8",
            "key_usage": "ENCRYPT_DECRYPT",
            "multi_region": false,
            "policy": "{\n  \"Version\": \"2012-10-17\",\n  \"Statement\": [\n    {\n      \"Sid\": \"KeyAdministration\",\n      \"Effect\": \"Allow\",\n      \"Action\": [\n        \"kms:Update*\",\n        \"kms:UntagResource\",\n        \"kms:TagResource\",\n        \"kms:ScheduleKeyDeletion\",\n        \"kms:Revoke*\",\n        \"kms:Put*\",\n        \"kms:List*\",\n        \"kms:Get*\",\n        \"kms:Enable*\",\n        \"kms:Disable*\",\n        \"kms:Describe*\",\n        \"kms:Delete*\",\n        \"kms:Create*\",\n        \"kms:CancelKeyDeletion\"\n      ],\n      \"Resource\": \"*\",\n      \"Principal\": {\n        \"AWS\": \"arn:aws:iam::155988765466:user/eks_user\"\n      }\n    },\n    {\n      \"Sid\": \"KeyUsage\",\n      \"Effect\": \"Allow\",\n      \"Action\": [\n        \"kms:ReEncrypt*\",\n        \"kms:GenerateDataKey*\",\n        \"kms:Encrypt\",\n        \"kms:DescribeKey\",\n        \"kms:Decrypt\"\n      ],\n      \"Resource\": \"*\",\n      \"Principal\": {\n        \"AWS\": \"arn:aws:iam::155988765466:role/education-eks-zwtRvQkH-cluster-20230427185747293300000003\"\n      }\n    }\n  ]\n}",
            "tags": null,
            "tags_all": {}
          },
          "sensitive_attributes": [],
          "private": "bnVsbA==",
          "dependencies": [
            "module.vpc.module.eks_infrastructure.module.eks.aws_iam_role.this",
            "module.vpc.module.eks_infrastructure.module.eks.data.aws_iam_policy_document.assume_role_policy",
            "module.vpc.module.eks_infrastructure.module.eks.data.aws_iam_session_context.current",
            "module.vpc.module.eks_infrastructure.module.eks.module.kms.data.aws_caller_identity.current",
            "module.vpc.module.eks_infrastructure.module.eks.module.kms.data.aws_iam_policy_document.this",
            "module.vpc.module.eks_infrastructure.module.eks.module.kms.data.aws_partition.current",
            "module.vpc.module.eks_infrastructure.random_string.suffix"
          ],
          "create_before_destroy": true
        }
      ]
    },
    {
      "module": "module.vpc.module.eks_infrastructure.module.irsa-ebs-csi",
      "mode": "data",
      "type": "aws_caller_identity",
      "name": "current",
      "provider": "module.vpc.module.eks_infrastructure.provider[\"registry.terraform.io/hashicorp/aws\"]",
      "instances": [
        {
          "schema_version": 0,
          "attributes": {
            "account_id": "155988765466",
            "arn": "arn:aws:iam::155988765466:user/eks_user",
            "id": "155988765466",
            "user_id": "AIDASIUNHVMNC23DBHDRM"
          },
          "sensitive_attributes": []
        }
      ]
    },
    {
      "module": "module.vpc.module.eks_infrastructure.module.irsa-ebs-csi",
      "mode": "data",
      "type": "aws_iam_policy_document",
      "name": "assume_role_with_oidc",
      "provider": "module.vpc.module.eks_infrastructure.provider[\"registry.terraform.io/hashicorp/aws\"]",
      "instances": [
        {
          "index_key": 0,
          "schema_version": 0,
          "attributes": {
            "id": "143669432",
            "json": "{\n  \"Version\": \"2012-10-17\",\n  \"Statement\": [\n    {\n      \"Sid\": \"\",\n      \"Effect\": \"Allow\",\n      \"Action\": \"sts:AssumeRoleWithWebIdentity\",\n      \"Principal\": {\n        \"Federated\": \"arn:aws:iam::155988765466:oidc-provider/oidc.eks.us-east-1.amazonaws.com/id/4BCDC124EFE0CCB3A83BC7F97CE944CD\"\n      },\n      \"Condition\": {\n        \"StringEquals\": {\n          \"oidc.eks.us-east-1.amazonaws.com/id/4BCDC124EFE0CCB3A83BC7F97CE944CD:sub\": \"system:serviceaccount:kube-system:ebs-csi-controller-sa\"\n        }\n      }\n    }\n  ]\n}",
            "override_json": null,
            "override_policy_documents": null,
            "policy_id": null,
            "source_json": null,
            "source_policy_documents": null,
            "statement": [
              {
                "actions": [
                  "sts:AssumeRoleWithWebIdentity"
                ],
                "condition": [
                  {
                    "test": "StringEquals",
                    "values": [
                      "system:serviceaccount:kube-system:ebs-csi-controller-sa"
                    ],
                    "variable": "oidc.eks.us-east-1.amazonaws.com/id/4BCDC124EFE0CCB3A83BC7F97CE944CD:sub"
                  }
                ],
                "effect": "Allow",
                "not_actions": [],
                "not_principals": [],
                "not_resources": [],
                "principals": [
                  {
                    "identifiers": [
                      "arn:aws:iam::155988765466:oidc-provider/oidc.eks.us-east-1.amazonaws.com/id/4BCDC124EFE0CCB3A83BC7F97CE944CD"
                    ],
                    "type": "Federated"
                  }
                ],
                "resources": [],
                "sid": ""
              }
            ],
            "version": "2012-10-17"
          },
          "sensitive_attributes": []
        }
      ]
    },
    {
      "module": "module.vpc.module.eks_infrastructure.module.irsa-ebs-csi",
      "mode": "data",
      "type": "aws_partition",
      "name": "current",
      "provider": "module.vpc.module.eks_infrastructure.provider[\"registry.terraform.io/hashicorp/aws\"]",
      "instances": [
        {
          "schema_version": 0,
          "attributes": {
            "dns_suffix": "amazonaws.com",
            "id": "aws",
            "partition": "aws",
            "reverse_dns_prefix": "com.amazonaws"
          },
          "sensitive_attributes": []
        }
      ]
    },
    {
      "module": "module.vpc.module.eks_infrastructure.module.irsa-ebs-csi",
      "mode": "managed",
      "type": "aws_iam_role",
      "name": "this",
      "provider": "module.vpc.module.eks_infrastructure.provider[\"registry.terraform.io/hashicorp/aws\"]",
      "instances": [
        {
          "index_key": 0,
          "schema_version": 0,
          "attributes": {
            "arn": "arn:aws:iam::155988765466:role/AmazonEKSTFEBSCSIRole-education-eks-zwtRvQkH",
            "assume_role_policy": "{\"Statement\":[{\"Action\":\"sts:AssumeRoleWithWebIdentity\",\"Condition\":{\"StringEquals\":{\"oidc.eks.us-east-1.amazonaws.com/id/4BCDC124EFE0CCB3A83BC7F97CE944CD:sub\":\"system:serviceaccount:kube-system:ebs-csi-controller-sa\"}},\"Effect\":\"Allow\",\"Principal\":{\"Federated\":\"arn:aws:iam::155988765466:oidc-provider/oidc.eks.us-east-1.amazonaws.com/id/4BCDC124EFE0CCB3A83BC7F97CE944CD\"},\"Sid\":\"\"}],\"Version\":\"2012-10-17\"}",
            "create_date": "2023-04-27T19:11:27Z",
            "description": "",
            "force_detach_policies": false,
            "id": "AmazonEKSTFEBSCSIRole-education-eks-zwtRvQkH",
            "inline_policy": [],
            "managed_policy_arns": [],
            "max_session_duration": 3600,
            "name": "AmazonEKSTFEBSCSIRole-education-eks-zwtRvQkH",
            "name_prefix": "",
            "path": "/",
            "permissions_boundary": "",
            "tags": null,
            "tags_all": {},
            "unique_id": "AROASIUNHVMNKPQ6LBPD7"
          },
          "sensitive_attributes": [],
          "private": "bnVsbA==",
          "dependencies": [
            "module.vpc.module.eks_infrastructure.data.aws_availability_zones.available",
            "module.vpc.module.eks_infrastructure.module.eks.aws_cloudwatch_log_group.this",
            "module.vpc.module.eks_infrastructure.module.eks.aws_eks_cluster.this",
            "module.vpc.module.eks_infrastructure.module.eks.aws_iam_role.this",
            "module.vpc.module.eks_infrastructure.module.eks.aws_iam_role_policy_attachment.this",
            "module.vpc.module.eks_infrastructure.module.eks.aws_security_group.cluster",
            "module.vpc.module.eks_infrastructure.module.eks.aws_security_group.node",
            "module.vpc.module.eks_infrastructure.module.eks.aws_security_group_rule.cluster",
            "module.vpc.module.eks_infrastructure.module.eks.aws_security_group_rule.node",
            "module.vpc.module.eks_infrastructure.module.eks.data.aws_iam_policy_document.assume_role_policy",
            "module.vpc.module.eks_infrastructure.module.eks.data.aws_iam_session_context.current",
            "module.vpc.module.eks_infrastructure.module.eks.data.aws_partition.current",
            "module.vpc.module.eks_infrastructure.module.eks.module.kms.aws_kms_external_key.this",
            "module.vpc.module.eks_infrastructure.module.eks.module.kms.aws_kms_key.this",
            "module.vpc.module.eks_infrastructure.module.eks.module.kms.data.aws_caller_identity.current",
            "module.vpc.module.eks_infrastructure.module.eks.module.kms.data.aws_iam_policy_document.this",
            "module.vpc.module.eks_infrastructure.module.eks.module.kms.data.aws_partition.current",
            "module.vpc.module.eks_infrastructure.module.irsa-ebs-csi.data.aws_caller_identity.current",
            "module.vpc.module.eks_infrastructure.module.irsa-ebs-csi.data.aws_iam_policy_document.assume_role_with_oidc",
            "module.vpc.module.eks_infrastructure.module.irsa-ebs-csi.data.aws_partition.current",
            "module.vpc.module.eks_infrastructure.module.vpc.aws_subnet.private",
            "module.vpc.module.eks_infrastructure.module.vpc.aws_vpc.this",
            "module.vpc.module.eks_infrastructure.module.vpc.aws_vpc_ipv4_cidr_block_association.this",
            "module.vpc.module.eks_infrastructure.random_string.suffix"
          ]
        }
      ]
    },
    {
      "module": "module.vpc.module.eks_infrastructure.module.irsa-ebs-csi",
      "mode": "managed",
      "type": "aws_iam_role_policy_attachment",
      "name": "custom",
      "provider": "module.vpc.module.eks_infrastructure.provider[\"registry.terraform.io/hashicorp/aws\"]",
      "instances": [
        {
          "index_key": 0,
          "schema_version": 0,
          "attributes": {
            "id": "AmazonEKSTFEBSCSIRole-education-eks-zwtRvQkH-2023042719112948310000001a",
            "policy_arn": "arn:aws:iam::aws:policy/service-role/AmazonEBSCSIDriverPolicy",
            "role": "AmazonEKSTFEBSCSIRole-education-eks-zwtRvQkH"
          },
          "sensitive_attributes": [],
          "private": "bnVsbA==",
          "dependencies": [
            "module.vpc.module.eks_infrastructure.data.aws_availability_zones.available",
            "module.vpc.module.eks_infrastructure.data.aws_iam_policy.ebs_csi_policy",
            "module.vpc.module.eks_infrastructure.module.eks.aws_cloudwatch_log_group.this",
            "module.vpc.module.eks_infrastructure.module.eks.aws_eks_cluster.this",
            "module.vpc.module.eks_infrastructure.module.eks.aws_iam_role.this",
            "module.vpc.module.eks_infrastructure.module.eks.aws_iam_role_policy_attachment.this",
            "module.vpc.module.eks_infrastructure.module.eks.aws_security_group.cluster",
            "module.vpc.module.eks_infrastructure.module.eks.aws_security_group.node",
            "module.vpc.module.eks_infrastructure.module.eks.aws_security_group_rule.cluster",
            "module.vpc.module.eks_infrastructure.module.eks.aws_security_group_rule.node",
            "module.vpc.module.eks_infrastructure.module.eks.data.aws_iam_policy_document.assume_role_policy",
            "module.vpc.module.eks_infrastructure.module.eks.data.aws_iam_session_context.current",
            "module.vpc.module.eks_infrastructure.module.eks.data.aws_partition.current",
            "module.vpc.module.eks_infrastructure.module.eks.module.kms.aws_kms_external_key.this",
            "module.vpc.module.eks_infrastructure.module.eks.module.kms.aws_kms_key.this",
            "module.vpc.module.eks_infrastructure.module.eks.module.kms.data.aws_caller_identity.current",
            "module.vpc.module.eks_infrastructure.module.eks.module.kms.data.aws_iam_policy_document.this",
            "module.vpc.module.eks_infrastructure.module.eks.module.kms.data.aws_partition.current",
            "module.vpc.module.eks_infrastructure.module.irsa-ebs-csi.aws_iam_role.this",
            "module.vpc.module.eks_infrastructure.module.irsa-ebs-csi.data.aws_caller_identity.current",
            "module.vpc.module.eks_infrastructure.module.irsa-ebs-csi.data.aws_iam_policy_document.assume_role_with_oidc",
            "module.vpc.module.eks_infrastructure.module.irsa-ebs-csi.data.aws_partition.current",
            "module.vpc.module.eks_infrastructure.module.vpc.aws_subnet.private",
            "module.vpc.module.eks_infrastructure.module.vpc.aws_vpc.this",
            "module.vpc.module.eks_infrastructure.module.vpc.aws_vpc_ipv4_cidr_block_association.this",
            "module.vpc.module.eks_infrastructure.random_string.suffix"
          ]
        }
      ]
    },
    {
      "module": "module.vpc.module.eks_infrastructure.module.vpc",
      "mode": "managed",
      "type": "aws_eip",
      "name": "nat",
      "provider": "module.vpc.module.eks_infrastructure.provider[\"registry.terraform.io/hashicorp/aws\"]",
      "instances": [
        {
          "index_key": 0,
          "schema_version": 0,
          "attributes": {
            "address": null,
            "allocation_id": "eipalloc-0a6c1e8d11649f7a1",
            "associate_with_private_ip": null,
            "association_id": "",
            "carrier_ip": "",
            "customer_owned_ip": "",
            "customer_owned_ipv4_pool": "",
            "domain": "vpc",
            "id": "eipalloc-0a6c1e8d11649f7a1",
            "instance": "",
            "network_border_group": "us-east-1",
            "network_interface": "",
            "private_dns": null,
            "private_ip": "",
            "public_dns": "ec2-52-205-159-183.compute-1.amazonaws.com",
            "public_ip": "52.205.159.183",
            "public_ipv4_pool": "amazon",
            "tags": {
              "Name": "education-vpc-us-east-1a"
            },
            "tags_all": {
              "Name": "education-vpc-us-east-1a"
            },
            "timeouts": null,
            "vpc": true
          },
          "sensitive_attributes": [],
          "private": "eyJlMmJmYjczMC1lY2FhLTExZTYtOGY4OC0zNDM2M2JjN2M0YzAiOnsiZGVsZXRlIjoxODAwMDAwMDAwMDAsInJlYWQiOjkwMDAwMDAwMDAwMCwidXBkYXRlIjozMDAwMDAwMDAwMDB9fQ==",
          "dependencies": [
            "module.vpc.module.eks_infrastructure.data.aws_availability_zones.available"
          ]
        }
      ]
    },
    {
      "module": "module.vpc.module.eks_infrastructure.module.vpc",
      "mode": "managed",
      "type": "aws_internet_gateway",
      "name": "this",
      "provider": "module.vpc.module.eks_infrastructure.provider[\"registry.terraform.io/hashicorp/aws\"]",
      "instances": [
        {
          "index_key": 0,
          "schema_version": 0,
          "attributes": {
            "arn": "arn:aws:ec2:us-east-1:155988765466:internet-gateway/igw-0fc326eaed1ad7b59",
            "id": "igw-0fc326eaed1ad7b59",
            "owner_id": "155988765466",
            "tags": {
              "Name": "education-vpc"
            },
            "tags_all": {
              "Name": "education-vpc"
            },
            "timeouts": null,
            "vpc_id": "vpc-02cbddce6f70837e0"
          },
          "sensitive_attributes": [],
          "private": "eyJlMmJmYjczMC1lY2FhLTExZTYtOGY4OC0zNDM2M2JjN2M0YzAiOnsiY3JlYXRlIjoxMjAwMDAwMDAwMDAwLCJkZWxldGUiOjEyMDAwMDAwMDAwMDAsInVwZGF0ZSI6MTIwMDAwMDAwMDAwMH19",
          "dependencies": [
            "module.vpc.module.eks_infrastructure.module.vpc.aws_vpc.this",
            "module.vpc.module.eks_infrastructure.module.vpc.aws_vpc_ipv4_cidr_block_association.this"
          ]
        }
      ]
    },
    {
      "module": "module.vpc.module.eks_infrastructure.module.vpc",
      "mode": "managed",
      "type": "aws_nat_gateway",
      "name": "this",
      "provider": "module.vpc.module.eks_infrastructure.provider[\"registry.terraform.io/hashicorp/aws\"]",
      "instances": [
        {
          "index_key": 0,
          "schema_version": 0,
          "attributes": {
            "allocation_id": "eipalloc-0a6c1e8d11649f7a1",
            "connectivity_type": "public",
            "id": "nat-089526bd0f3bd30fc",
            "network_interface_id": "eni-0a451091192a33fc1",
            "private_ip": "10.0.4.210",
            "public_ip": "52.205.159.183",
            "subnet_id": "subnet-0bbd4be2357d50e44",
            "tags": {
              "Name": "education-vpc-us-east-1a"
            },
            "tags_all": {
              "Name": "education-vpc-us-east-1a"
            }
          },
          "sensitive_attributes": [],
          "private": "bnVsbA==",
          "dependencies": [
            "module.vpc.module.eks_infrastructure.data.aws_availability_zones.available",
            "module.vpc.module.eks_infrastructure.module.vpc.aws_eip.nat",
            "module.vpc.module.eks_infrastructure.module.vpc.aws_internet_gateway.this",
            "module.vpc.module.eks_infrastructure.module.vpc.aws_subnet.public",
            "module.vpc.module.eks_infrastructure.module.vpc.aws_vpc.this",
            "module.vpc.module.eks_infrastructure.module.vpc.aws_vpc_ipv4_cidr_block_association.this",
            "module.vpc.module.eks_infrastructure.random_string.suffix"
          ]
        }
      ]
    },
    {
      "module": "module.vpc.module.eks_infrastructure.module.vpc",
      "mode": "managed",
      "type": "aws_route",
      "name": "private_nat_gateway",
      "provider": "module.vpc.module.eks_infrastructure.provider[\"registry.terraform.io/hashicorp/aws\"]",
      "instances": [
        {
          "index_key": 0,
          "schema_version": 0,
          "attributes": {
            "carrier_gateway_id": "",
            "core_network_arn": "",
            "destination_cidr_block": "0.0.0.0/0",
            "destination_ipv6_cidr_block": "",
            "destination_prefix_list_id": "",
            "egress_only_gateway_id": "",
            "gateway_id": "",
            "id": "r-rtb-04e852a947f5b77611080289494",
            "instance_id": "",
            "instance_owner_id": "",
            "local_gateway_id": "",
            "nat_gateway_id": "nat-089526bd0f3bd30fc",
            "network_interface_id": "",
            "origin": "CreateRoute",
            "route_table_id": "rtb-04e852a947f5b7761",
            "state": "active",
            "timeouts": {
              "create": "5m",
              "delete": null,
              "update": null
            },
            "transit_gateway_id": "",
            "vpc_endpoint_id": "",
            "vpc_peering_connection_id": ""
          },
          "sensitive_attributes": [],
          "private": "eyJlMmJmYjczMC1lY2FhLTExZTYtOGY4OC0zNDM2M2JjN2M0YzAiOnsiY3JlYXRlIjozMDAwMDAwMDAwMDAsImRlbGV0ZSI6MzAwMDAwMDAwMDAwLCJ1cGRhdGUiOjEyMDAwMDAwMDAwMH19",
          "dependencies": [
            "module.vpc.module.eks_infrastructure.data.aws_availability_zones.available",
            "module.vpc.module.eks_infrastructure.module.vpc.aws_eip.nat",
            "module.vpc.module.eks_infrastructure.module.vpc.aws_internet_gateway.this",
            "module.vpc.module.eks_infrastructure.module.vpc.aws_nat_gateway.this",
            "module.vpc.module.eks_infrastructure.module.vpc.aws_route_table.private",
            "module.vpc.module.eks_infrastructure.module.vpc.aws_subnet.public",
            "module.vpc.module.eks_infrastructure.module.vpc.aws_vpc.this",
            "module.vpc.module.eks_infrastructure.module.vpc.aws_vpc_ipv4_cidr_block_association.this",
            "module.vpc.module.eks_infrastructure.random_string.suffix"
          ]
        }
      ]
    },
    {
      "module": "module.vpc.module.eks_infrastructure.module.vpc",
      "mode": "managed",
      "type": "aws_route",
      "name": "public_internet_gateway",
      "provider": "module.vpc.module.eks_infrastructure.provider[\"registry.terraform.io/hashicorp/aws\"]",
      "instances": [
        {
          "index_key": 0,
          "schema_version": 0,
          "attributes": {
            "carrier_gateway_id": "",
            "core_network_arn": "",
            "destination_cidr_block": "0.0.0.0/0",
            "destination_ipv6_cidr_block": "",
            "destination_prefix_list_id": "",
            "egress_only_gateway_id": "",
            "gateway_id": "igw-0fc326eaed1ad7b59",
            "id": "r-rtb-0241e5020849c26be1080289494",
            "instance_id": "",
            "instance_owner_id": "",
            "local_gateway_id": "",
            "nat_gateway_id": "",
            "network_interface_id": "",
            "origin": "CreateRoute",
            "route_table_id": "rtb-0241e5020849c26be",
            "state": "active",
            "timeouts": {
              "create": "5m",
              "delete": null,
              "update": null
            },
            "transit_gateway_id": "",
            "vpc_endpoint_id": "",
            "vpc_peering_connection_id": ""
          },
          "sensitive_attributes": [],
          "private": "eyJlMmJmYjczMC1lY2FhLTExZTYtOGY4OC0zNDM2M2JjN2M0YzAiOnsiY3JlYXRlIjozMDAwMDAwMDAwMDAsImRlbGV0ZSI6MzAwMDAwMDAwMDAwLCJ1cGRhdGUiOjEyMDAwMDAwMDAwMH19",
          "dependencies": [
            "module.vpc.module.eks_infrastructure.module.vpc.aws_internet_gateway.this",
            "module.vpc.module.eks_infrastructure.module.vpc.aws_route_table.public",
            "module.vpc.module.eks_infrastructure.module.vpc.aws_vpc.this",
            "module.vpc.module.eks_infrastructure.module.vpc.aws_vpc_ipv4_cidr_block_association.this"
          ]
        }
      ]
    },
    {
      "module": "module.vpc.module.eks_infrastructure.module.vpc",
      "mode": "managed",
      "type": "aws_route_table",
      "name": "private",
      "provider": "module.vpc.module.eks_infrastructure.provider[\"registry.terraform.io/hashicorp/aws\"]",
      "instances": [
        {
          "index_key": 0,
          "schema_version": 0,
          "attributes": {
            "arn": "arn:aws:ec2:us-east-1:155988765466:route-table/rtb-04e852a947f5b7761",
            "id": "rtb-04e852a947f5b7761",
            "owner_id": "155988765466",
            "propagating_vgws": [],
            "route": [],
            "tags": {
              "Name": "education-vpc-private"
            },
            "tags_all": {
              "Name": "education-vpc-private"
            },
            "timeouts": null,
            "vpc_id": "vpc-02cbddce6f70837e0"
          },
          "sensitive_attributes": [],
          "private": "eyJlMmJmYjczMC1lY2FhLTExZTYtOGY4OC0zNDM2M2JjN2M0YzAiOnsiY3JlYXRlIjozMDAwMDAwMDAwMDAsImRlbGV0ZSI6MzAwMDAwMDAwMDAwLCJ1cGRhdGUiOjEyMDAwMDAwMDAwMH19",
          "dependencies": [
            "module.vpc.module.eks_infrastructure.data.aws_availability_zones.available",
            "module.vpc.module.eks_infrastructure.module.vpc.aws_vpc.this",
            "module.vpc.module.eks_infrastructure.module.vpc.aws_vpc_ipv4_cidr_block_association.this"
          ]
        }
      ]
    },
    {
      "module": "module.vpc.module.eks_infrastructure.module.vpc",
      "mode": "managed",
      "type": "aws_route_table",
      "name": "public",
      "provider": "module.vpc.module.eks_infrastructure.provider[\"registry.terraform.io/hashicorp/aws\"]",
      "instances": [
        {
          "index_key": 0,
          "schema_version": 0,
          "attributes": {
            "arn": "arn:aws:ec2:us-east-1:155988765466:route-table/rtb-0241e5020849c26be",
            "id": "rtb-0241e5020849c26be",
            "owner_id": "155988765466",
            "propagating_vgws": [],
            "route": [],
            "tags": {
              "Name": "education-vpc-public"
            },
            "tags_all": {
              "Name": "education-vpc-public"
            },
            "timeouts": null,
            "vpc_id": "vpc-02cbddce6f70837e0"
          },
          "sensitive_attributes": [],
          "private": "eyJlMmJmYjczMC1lY2FhLTExZTYtOGY4OC0zNDM2M2JjN2M0YzAiOnsiY3JlYXRlIjozMDAwMDAwMDAwMDAsImRlbGV0ZSI6MzAwMDAwMDAwMDAwLCJ1cGRhdGUiOjEyMDAwMDAwMDAwMH19",
          "dependencies": [
            "module.vpc.module.eks_infrastructure.module.vpc.aws_vpc.this",
            "module.vpc.module.eks_infrastructure.module.vpc.aws_vpc_ipv4_cidr_block_association.this"
          ]
        }
      ]
    },
    {
      "module": "module.vpc.module.eks_infrastructure.module.vpc",
      "mode": "managed",
      "type": "aws_route_table_association",
      "name": "private",
      "provider": "module.vpc.module.eks_infrastructure.provider[\"registry.terraform.io/hashicorp/aws\"]",
      "instances": [
        {
          "index_key": 0,
          "schema_version": 0,
          "attributes": {
            "gateway_id": "",
            "id": "rtbassoc-0c090e2788fd3c97d",
            "route_table_id": "rtb-04e852a947f5b7761",
            "subnet_id": "subnet-023467f8d95e5a872"
          },
          "sensitive_attributes": [],
          "private": "bnVsbA==",
          "dependencies": [
            "module.vpc.module.eks_infrastructure.data.aws_availability_zones.available",
            "module.vpc.module.eks_infrastructure.module.vpc.aws_route_table.private",
            "module.vpc.module.eks_infrastructure.module.vpc.aws_subnet.private",
            "module.vpc.module.eks_infrastructure.module.vpc.aws_vpc.this",
            "module.vpc.module.eks_infrastructure.module.vpc.aws_vpc_ipv4_cidr_block_association.this",
            "module.vpc.module.eks_infrastructure.random_string.suffix"
          ]
        },
        {
          "index_key": 1,
          "schema_version": 0,
          "attributes": {
            "gateway_id": "",
            "id": "rtbassoc-0b1b977dbf9266426",
            "route_table_id": "rtb-04e852a947f5b7761",
            "subnet_id": "subnet-064cd1621e1f027c9"
          },
          "sensitive_attributes": [],
          "private": "bnVsbA==",
          "dependencies": [
            "module.vpc.module.eks_infrastructure.data.aws_availability_zones.available",
            "module.vpc.module.eks_infrastructure.module.vpc.aws_route_table.private",
            "module.vpc.module.eks_infrastructure.module.vpc.aws_subnet.private",
            "module.vpc.module.eks_infrastructure.module.vpc.aws_vpc.this",
            "module.vpc.module.eks_infrastructure.module.vpc.aws_vpc_ipv4_cidr_block_association.this",
            "module.vpc.module.eks_infrastructure.random_string.suffix"
          ]
        },
        {
          "index_key": 2,
          "schema_version": 0,
          "attributes": {
            "gateway_id": "",
            "id": "rtbassoc-0d52c463e82f690a9",
            "route_table_id": "rtb-04e852a947f5b7761",
            "subnet_id": "subnet-05b8e0fccdc64d84f"
          },
          "sensitive_attributes": [],
          "private": "bnVsbA==",
          "dependencies": [
            "module.vpc.module.eks_infrastructure.data.aws_availability_zones.available",
            "module.vpc.module.eks_infrastructure.module.vpc.aws_route_table.private",
            "module.vpc.module.eks_infrastructure.module.vpc.aws_subnet.private",
            "module.vpc.module.eks_infrastructure.module.vpc.aws_vpc.this",
            "module.vpc.module.eks_infrastructure.module.vpc.aws_vpc_ipv4_cidr_block_association.this",
            "module.vpc.module.eks_infrastructure.random_string.suffix"
          ]
        }
      ]
    },
    {
      "module": "module.vpc.module.eks_infrastructure.module.vpc",
      "mode": "managed",
      "type": "aws_route_table_association",
      "name": "public",
      "provider": "module.vpc.module.eks_infrastructure.provider[\"registry.terraform.io/hashicorp/aws\"]",
      "instances": [
        {
          "index_key": 0,
          "schema_version": 0,
          "attributes": {
            "gateway_id": "",
            "id": "rtbassoc-0ab0fb938f82ea415",
            "route_table_id": "rtb-0241e5020849c26be",
            "subnet_id": "subnet-0bbd4be2357d50e44"
          },
          "sensitive_attributes": [],
          "private": "bnVsbA==",
          "dependencies": [
            "module.vpc.module.eks_infrastructure.data.aws_availability_zones.available",
            "module.vpc.module.eks_infrastructure.module.vpc.aws_route_table.public",
            "module.vpc.module.eks_infrastructure.module.vpc.aws_subnet.public",
            "module.vpc.module.eks_infrastructure.module.vpc.aws_vpc.this",
            "module.vpc.module.eks_infrastructure.module.vpc.aws_vpc_ipv4_cidr_block_association.this",
            "module.vpc.module.eks_infrastructure.random_string.suffix"
          ]
        },
        {
          "index_key": 1,
          "schema_version": 0,
          "attributes": {
            "gateway_id": "",
            "id": "rtbassoc-0011fdd46a016011a",
            "route_table_id": "rtb-0241e5020849c26be",
            "subnet_id": "subnet-031da1c09cb9bc5a0"
          },
          "sensitive_attributes": [],
          "private": "bnVsbA==",
          "dependencies": [
            "module.vpc.module.eks_infrastructure.data.aws_availability_zones.available",
            "module.vpc.module.eks_infrastructure.module.vpc.aws_route_table.public",
            "module.vpc.module.eks_infrastructure.module.vpc.aws_subnet.public",
            "module.vpc.module.eks_infrastructure.module.vpc.aws_vpc.this",
            "module.vpc.module.eks_infrastructure.module.vpc.aws_vpc_ipv4_cidr_block_association.this",
            "module.vpc.module.eks_infrastructure.random_string.suffix"
          ]
        },
        {
          "index_key": 2,
          "schema_version": 0,
          "attributes": {
            "gateway_id": "",
            "id": "rtbassoc-05cceff7d3b316e14",
            "route_table_id": "rtb-0241e5020849c26be",
            "subnet_id": "subnet-09db8fbaa952b4aeb"
          },
          "sensitive_attributes": [],
          "private": "bnVsbA==",
          "dependencies": [
            "module.vpc.module.eks_infrastructure.data.aws_availability_zones.available",
            "module.vpc.module.eks_infrastructure.module.vpc.aws_route_table.public",
            "module.vpc.module.eks_infrastructure.module.vpc.aws_subnet.public",
            "module.vpc.module.eks_infrastructure.module.vpc.aws_vpc.this",
            "module.vpc.module.eks_infrastructure.module.vpc.aws_vpc_ipv4_cidr_block_association.this",
            "module.vpc.module.eks_infrastructure.random_string.suffix"
          ]
        }
      ]
    },
    {
      "module": "module.vpc.module.eks_infrastructure.module.vpc",
      "mode": "managed",
      "type": "aws_subnet",
      "name": "private",
      "provider": "module.vpc.module.eks_infrastructure.provider[\"registry.terraform.io/hashicorp/aws\"]",
      "instances": [
        {
          "index_key": 0,
          "schema_version": 1,
          "attributes": {
            "arn": "arn:aws:ec2:us-east-1:155988765466:subnet/subnet-023467f8d95e5a872",
            "assign_ipv6_address_on_creation": false,
            "availability_zone": "us-east-1a",
            "availability_zone_id": "use1-az2",
            "cidr_block": "10.0.1.0/24",
            "customer_owned_ipv4_pool": "",
            "enable_dns64": false,
            "enable_resource_name_dns_a_record_on_launch": false,
            "enable_resource_name_dns_aaaa_record_on_launch": false,
            "id": "subnet-023467f8d95e5a872",
            "ipv6_cidr_block": "",
            "ipv6_cidr_block_association_id": "",
            "ipv6_native": false,
            "map_customer_owned_ip_on_launch": false,
            "map_public_ip_on_launch": false,
            "outpost_arn": "",
            "owner_id": "155988765466",
            "private_dns_hostname_type_on_launch": "ip-name",
            "tags": {
              "Name": "education-vpc-private-us-east-1a",
              "kubernetes.io/cluster/education-eks-zwtRvQkH": "shared",
              "kubernetes.io/role/internal-elb": "1"
            },
            "tags_all": {
              "Name": "education-vpc-private-us-east-1a",
              "kubernetes.io/cluster/education-eks-zwtRvQkH": "shared",
              "kubernetes.io/role/internal-elb": "1"
            },
            "timeouts": null,
            "vpc_id": "vpc-02cbddce6f70837e0"
          },
          "sensitive_attributes": [],
          "private": "eyJlMmJmYjczMC1lY2FhLTExZTYtOGY4OC0zNDM2M2JjN2M0YzAiOnsiY3JlYXRlIjo2MDAwMDAwMDAwMDAsImRlbGV0ZSI6MTIwMDAwMDAwMDAwMH0sInNjaGVtYV92ZXJzaW9uIjoiMSJ9",
          "dependencies": [
            "module.vpc.module.eks_infrastructure.data.aws_availability_zones.available",
            "module.vpc.module.eks_infrastructure.module.vpc.aws_vpc.this",
            "module.vpc.module.eks_infrastructure.module.vpc.aws_vpc_ipv4_cidr_block_association.this",
            "module.vpc.module.eks_infrastructure.random_string.suffix"
          ],
          "create_before_destroy": true
        },
        {
          "index_key": 1,
          "schema_version": 1,
          "attributes": {
            "arn": "arn:aws:ec2:us-east-1:155988765466:subnet/subnet-064cd1621e1f027c9",
            "assign_ipv6_address_on_creation": false,
            "availability_zone": "us-east-1b",
            "availability_zone_id": "use1-az4",
            "cidr_block": "10.0.2.0/24",
            "customer_owned_ipv4_pool": "",
            "enable_dns64": false,
            "enable_resource_name_dns_a_record_on_launch": false,
            "enable_resource_name_dns_aaaa_record_on_launch": false,
            "id": "subnet-064cd1621e1f027c9",
            "ipv6_cidr_block": "",
            "ipv6_cidr_block_association_id": "",
            "ipv6_native": false,
            "map_customer_owned_ip_on_launch": false,
            "map_public_ip_on_launch": false,
            "outpost_arn": "",
            "owner_id": "155988765466",
            "private_dns_hostname_type_on_launch": "ip-name",
            "tags": {
              "Name": "education-vpc-private-us-east-1b",
              "kubernetes.io/cluster/education-eks-zwtRvQkH": "shared",
              "kubernetes.io/role/internal-elb": "1"
            },
            "tags_all": {
              "Name": "education-vpc-private-us-east-1b",
              "kubernetes.io/cluster/education-eks-zwtRvQkH": "shared",
              "kubernetes.io/role/internal-elb": "1"
            },
            "timeouts": null,
            "vpc_id": "vpc-02cbddce6f70837e0"
          },
          "sensitive_attributes": [],
          "private": "eyJlMmJmYjczMC1lY2FhLTExZTYtOGY4OC0zNDM2M2JjN2M0YzAiOnsiY3JlYXRlIjo2MDAwMDAwMDAwMDAsImRlbGV0ZSI6MTIwMDAwMDAwMDAwMH0sInNjaGVtYV92ZXJzaW9uIjoiMSJ9",
          "dependencies": [
            "module.vpc.module.eks_infrastructure.data.aws_availability_zones.available",
            "module.vpc.module.eks_infrastructure.module.vpc.aws_vpc.this",
            "module.vpc.module.eks_infrastructure.module.vpc.aws_vpc_ipv4_cidr_block_association.this",
            "module.vpc.module.eks_infrastructure.random_string.suffix"
          ],
          "create_before_destroy": true
        },
        {
          "index_key": 2,
          "schema_version": 1,
          "attributes": {
            "arn": "arn:aws:ec2:us-east-1:155988765466:subnet/subnet-05b8e0fccdc64d84f",
            "assign_ipv6_address_on_creation": false,
            "availability_zone": "us-east-1c",
            "availability_zone_id": "use1-az6",
            "cidr_block": "10.0.3.0/24",
            "customer_owned_ipv4_pool": "",
            "enable_dns64": false,
            "enable_resource_name_dns_a_record_on_launch": false,
            "enable_resource_name_dns_aaaa_record_on_launch": false,
            "id": "subnet-05b8e0fccdc64d84f",
            "ipv6_cidr_block": "",
            "ipv6_cidr_block_association_id": "",
            "ipv6_native": false,
            "map_customer_owned_ip_on_launch": false,
            "map_public_ip_on_launch": false,
            "outpost_arn": "",
            "owner_id": "155988765466",
            "private_dns_hostname_type_on_launch": "ip-name",
            "tags": {
              "Name": "education-vpc-private-us-east-1c",
              "kubernetes.io/cluster/education-eks-zwtRvQkH": "shared",
              "kubernetes.io/role/internal-elb": "1"
            },
            "tags_all": {
              "Name": "education-vpc-private-us-east-1c",
              "kubernetes.io/cluster/education-eks-zwtRvQkH": "shared",
              "kubernetes.io/role/internal-elb": "1"
            },
            "timeouts": null,
            "vpc_id": "vpc-02cbddce6f70837e0"
          },
          "sensitive_attributes": [],
          "private": "eyJlMmJmYjczMC1lY2FhLTExZTYtOGY4OC0zNDM2M2JjN2M0YzAiOnsiY3JlYXRlIjo2MDAwMDAwMDAwMDAsImRlbGV0ZSI6MTIwMDAwMDAwMDAwMH0sInNjaGVtYV92ZXJzaW9uIjoiMSJ9",
          "dependencies": [
            "module.vpc.module.eks_infrastructure.data.aws_availability_zones.available",
            "module.vpc.module.eks_infrastructure.module.vpc.aws_vpc.this",
            "module.vpc.module.eks_infrastructure.module.vpc.aws_vpc_ipv4_cidr_block_association.this",
            "module.vpc.module.eks_infrastructure.random_string.suffix"
          ],
          "create_before_destroy": true
        }
      ]
    },
    {
      "module": "module.vpc.module.eks_infrastructure.module.vpc",
      "mode": "managed",
      "type": "aws_subnet",
      "name": "public",
      "provider": "module.vpc.module.eks_infrastructure.provider[\"registry.terraform.io/hashicorp/aws\"]",
      "instances": [
        {
          "index_key": 0,
          "schema_version": 1,
          "attributes": {
            "arn": "arn:aws:ec2:us-east-1:155988765466:subnet/subnet-0bbd4be2357d50e44",
            "assign_ipv6_address_on_creation": false,
            "availability_zone": "us-east-1a",
            "availability_zone_id": "use1-az2",
            "cidr_block": "10.0.4.0/24",
            "customer_owned_ipv4_pool": "",
            "enable_dns64": false,
            "enable_resource_name_dns_a_record_on_launch": false,
            "enable_resource_name_dns_aaaa_record_on_launch": false,
            "id": "subnet-0bbd4be2357d50e44",
            "ipv6_cidr_block": "",
            "ipv6_cidr_block_association_id": "",
            "ipv6_native": false,
            "map_customer_owned_ip_on_launch": false,
            "map_public_ip_on_launch": true,
            "outpost_arn": "",
            "owner_id": "155988765466",
            "private_dns_hostname_type_on_launch": "ip-name",
            "tags": {
              "Name": "education-vpc-public-us-east-1a",
              "kubernetes.io/cluster/education-eks-zwtRvQkH": "shared",
              "kubernetes.io/role/elb": "1"
            },
            "tags_all": {
              "Name": "education-vpc-public-us-east-1a",
              "kubernetes.io/cluster/education-eks-zwtRvQkH": "shared",
              "kubernetes.io/role/elb": "1"
            },
            "timeouts": null,
            "vpc_id": "vpc-02cbddce6f70837e0"
          },
          "sensitive_attributes": [],
          "private": "eyJlMmJmYjczMC1lY2FhLTExZTYtOGY4OC0zNDM2M2JjN2M0YzAiOnsiY3JlYXRlIjo2MDAwMDAwMDAwMDAsImRlbGV0ZSI6MTIwMDAwMDAwMDAwMH0sInNjaGVtYV92ZXJzaW9uIjoiMSJ9",
          "dependencies": [
            "module.vpc.module.eks_infrastructure.data.aws_availability_zones.available",
            "module.vpc.module.eks_infrastructure.module.vpc.aws_vpc.this",
            "module.vpc.module.eks_infrastructure.module.vpc.aws_vpc_ipv4_cidr_block_association.this",
            "module.vpc.module.eks_infrastructure.random_string.suffix"
          ]
        },
        {
          "index_key": 1,
          "schema_version": 1,
          "attributes": {
            "arn": "arn:aws:ec2:us-east-1:155988765466:subnet/subnet-031da1c09cb9bc5a0",
            "assign_ipv6_address_on_creation": false,
            "availability_zone": "us-east-1b",
            "availability_zone_id": "use1-az4",
            "cidr_block": "10.0.5.0/24",
            "customer_owned_ipv4_pool": "",
            "enable_dns64": false,
            "enable_resource_name_dns_a_record_on_launch": false,
            "enable_resource_name_dns_aaaa_record_on_launch": false,
            "id": "subnet-031da1c09cb9bc5a0",
            "ipv6_cidr_block": "",
            "ipv6_cidr_block_association_id": "",
            "ipv6_native": false,
            "map_customer_owned_ip_on_launch": false,
            "map_public_ip_on_launch": true,
            "outpost_arn": "",
            "owner_id": "155988765466",
            "private_dns_hostname_type_on_launch": "ip-name",
            "tags": {
              "Name": "education-vpc-public-us-east-1b",
              "kubernetes.io/cluster/education-eks-zwtRvQkH": "shared",
              "kubernetes.io/role/elb": "1"
            },
            "tags_all": {
              "Name": "education-vpc-public-us-east-1b",
              "kubernetes.io/cluster/education-eks-zwtRvQkH": "shared",
              "kubernetes.io/role/elb": "1"
            },
            "timeouts": null,
            "vpc_id": "vpc-02cbddce6f70837e0"
          },
          "sensitive_attributes": [],
          "private": "eyJlMmJmYjczMC1lY2FhLTExZTYtOGY4OC0zNDM2M2JjN2M0YzAiOnsiY3JlYXRlIjo2MDAwMDAwMDAwMDAsImRlbGV0ZSI6MTIwMDAwMDAwMDAwMH0sInNjaGVtYV92ZXJzaW9uIjoiMSJ9",
          "dependencies": [
            "module.vpc.module.eks_infrastructure.data.aws_availability_zones.available",
            "module.vpc.module.eks_infrastructure.module.vpc.aws_vpc.this",
            "module.vpc.module.eks_infrastructure.module.vpc.aws_vpc_ipv4_cidr_block_association.this",
            "module.vpc.module.eks_infrastructure.random_string.suffix"
          ]
        },
        {
          "index_key": 2,
          "schema_version": 1,
          "attributes": {
            "arn": "arn:aws:ec2:us-east-1:155988765466:subnet/subnet-09db8fbaa952b4aeb",
            "assign_ipv6_address_on_creation": false,
            "availability_zone": "us-east-1c",
            "availability_zone_id": "use1-az6",
            "cidr_block": "10.0.6.0/24",
            "customer_owned_ipv4_pool": "",
            "enable_dns64": false,
            "enable_resource_name_dns_a_record_on_launch": false,
            "enable_resource_name_dns_aaaa_record_on_launch": false,
            "id": "subnet-09db8fbaa952b4aeb",
            "ipv6_cidr_block": "",
            "ipv6_cidr_block_association_id": "",
            "ipv6_native": false,
            "map_customer_owned_ip_on_launch": false,
            "map_public_ip_on_launch": true,
            "outpost_arn": "",
            "owner_id": "155988765466",
            "private_dns_hostname_type_on_launch": "ip-name",
            "tags": {
              "Name": "education-vpc-public-us-east-1c",
              "kubernetes.io/cluster/education-eks-zwtRvQkH": "shared",
              "kubernetes.io/role/elb": "1"
            },
            "tags_all": {
              "Name": "education-vpc-public-us-east-1c",
              "kubernetes.io/cluster/education-eks-zwtRvQkH": "shared",
              "kubernetes.io/role/elb": "1"
            },
            "timeouts": null,
            "vpc_id": "vpc-02cbddce6f70837e0"
          },
          "sensitive_attributes": [],
          "private": "eyJlMmJmYjczMC1lY2FhLTExZTYtOGY4OC0zNDM2M2JjN2M0YzAiOnsiY3JlYXRlIjo2MDAwMDAwMDAwMDAsImRlbGV0ZSI6MTIwMDAwMDAwMDAwMH0sInNjaGVtYV92ZXJzaW9uIjoiMSJ9",
          "dependencies": [
            "module.vpc.module.eks_infrastructure.data.aws_availability_zones.available",
            "module.vpc.module.eks_infrastructure.module.vpc.aws_vpc.this",
            "module.vpc.module.eks_infrastructure.module.vpc.aws_vpc_ipv4_cidr_block_association.this",
            "module.vpc.module.eks_infrastructure.random_string.suffix"
          ]
        }
      ]
    },
    {
      "module": "module.vpc.module.eks_infrastructure.module.vpc",
      "mode": "managed",
      "type": "aws_vpc",
      "name": "this",
      "provider": "module.vpc.module.eks_infrastructure.provider[\"registry.terraform.io/hashicorp/aws\"]",
      "instances": [
        {
          "index_key": 0,
          "schema_version": 1,
          "attributes": {
            "arn": "arn:aws:ec2:us-east-1:155988765466:vpc/vpc-02cbddce6f70837e0",
            "assign_generated_ipv6_cidr_block": false,
            "cidr_block": "10.0.0.0/16",
            "default_network_acl_id": "acl-06db35de34c018e7c",
            "default_route_table_id": "rtb-0755ec2834aa5212c",
            "default_security_group_id": "sg-0d5c84d3913725089",
            "dhcp_options_id": "dopt-0386cf88d51777301",
            "enable_classiclink": false,
            "enable_classiclink_dns_support": false,
            "enable_dns_hostnames": true,
            "enable_dns_support": true,
            "enable_network_address_usage_metrics": false,
            "id": "vpc-02cbddce6f70837e0",
            "instance_tenancy": "default",
            "ipv4_ipam_pool_id": null,
            "ipv4_netmask_length": null,
            "ipv6_association_id": "",
            "ipv6_cidr_block": "",
            "ipv6_cidr_block_network_border_group": "",
            "ipv6_ipam_pool_id": "",
            "ipv6_netmask_length": 0,
            "main_route_table_id": "rtb-0755ec2834aa5212c",
            "owner_id": "155988765466",
            "tags": {
              "Name": "education-vpc"
            },
            "tags_all": {
              "Name": "education-vpc"
            }
          },
          "sensitive_attributes": [],
          "private": "eyJzY2hlbWFfdmVyc2lvbiI6IjEifQ==",
          "create_before_destroy": true
        }
      ]
    },
    {
      "module": "module.vpc.module.iam",
      "mode": "data",
      "type": "aws_iam_policy_document",
      "name": "policy_for_zrahimi",
      "provider": "provider[\"registry.terraform.io/hashicorp/aws\"]",
      "instances": [
        {
          "schema_version": 0,
          "attributes": {
            "id": "784443208",
            "json": "{\n  \"Version\": \"2012-10-17\",\n  \"Statement\": [\n    {\n      \"Sid\": \"\",\n      \"Effect\": \"Allow\",\n      \"Action\": \"*\",\n      \"Resource\": \"*\"\n    }\n  ]\n}",
            "override_json": null,
            "override_policy_documents": null,
            "policy_id": null,
            "source_json": null,
            "source_policy_documents": null,
            "statement": [
              {
                "actions": [
                  "*"
                ],
                "condition": [],
                "effect": "Allow",
                "not_actions": [],
                "not_principals": [],
                "not_resources": [],
                "principals": [],
                "resources": [
                  "*"
                ],
                "sid": ""
              }
            ],
            "version": "2012-10-17"
          },
          "sensitive_attributes": []
        }
      ]
    },
    {
      "module": "module.vpc.module.iam",
      "mode": "managed",
      "type": "aws_iam_access_key",
      "name": "access_key_zaman",
      "provider": "provider[\"registry.terraform.io/hashicorp/aws\"]",
      "instances": [
        {
          "schema_version": 0,
          "attributes": {
            "create_date": "2023-04-27T18:57:47Z",
            "encrypted_secret": null,
            "encrypted_ses_smtp_password_v4": null,
            "id": "AKIASIUNHVMNIF66ENG3",
            "key_fingerprint": null,
            "pgp_key": null,
            "secret": "R/BqBxvg2fZC5cEYj/lquQEQ77OjKymssrJrk9Bj",
            "ses_smtp_password_v4": "BPjecYf2bKBYd7aZVJt7ndqjBwG2fAM941wCm+ZDQi3n",
            "status": "Active",
            "user": "zrahimi"
          },
          "sensitive_attributes": [],
          "private": "bnVsbA==",
          "dependencies": [
            "module.vpc.module.iam.aws_iam_user.zrahimi"
          ]
        }
      ]
    },
    {
      "module": "module.vpc.module.iam",
      "mode": "managed",
      "type": "aws_iam_user",
      "name": "zrahimi",
      "provider": "provider[\"registry.terraform.io/hashicorp/aws\"]",
      "instances": [
        {
          "schema_version": 0,
          "attributes": {
            "arn": "arn:aws:iam::155988765466:user/system/zrahimi",
            "force_destroy": false,
            "id": "zrahimi",
            "name": "zrahimi",
            "path": "/system/",
            "permissions_boundary": null,
            "tags": {
              "name": "zrahimi"
            },
            "tags_all": {
              "name": "zrahimi"
            },
            "unique_id": "AIDASIUNHVMNMZA6NQOEL"
          },
          "sensitive_attributes": [],
          "private": "bnVsbA=="
        }
      ]
    },
    {
      "module": "module.vpc.module.iam",
      "mode": "managed",
      "type": "aws_iam_user_policy",
      "name": "policy_for_zrahimi",
      "provider": "provider[\"registry.terraform.io/hashicorp/aws\"]",
      "instances": [
        {
          "schema_version": 0,
          "attributes": {
            "id": "zrahimi:policy_for_zrahimi",
            "name": "policy_for_zrahimi",
            "name_prefix": null,
            "policy": "{\n  \"Version\": \"2012-10-17\",\n  \"Statement\": [\n    {\n      \"Sid\": \"\",\n      \"Effect\": \"Allow\",\n      \"Action\": \"*\",\n      \"Resource\": \"*\"\n    }\n  ]\n}",
            "user": "zrahimi"
          },
          "sensitive_attributes": [],
          "private": "bnVsbA==",
          "dependencies": [
            "module.vpc.module.iam.aws_iam_user.zrahimi",
            "module.vpc.module.iam.data.aws_iam_policy_document.policy_for_zrahimi"
          ]
        }
      ]
    },
    {
      "module": "module.vpc.module.vpc",
      "mode": "managed",
      "type": "aws_internet_gateway",
      "name": "vpc_project_internet_gateway",
      "provider": "provider[\"registry.terraform.io/hashicorp/aws\"]",
      "instances": [
        {
          "schema_version": 0,
          "attributes": {
            "arn": "arn:aws:ec2:us-east-1:155988765466:internet-gateway/igw-0063a1498bae082ad",
            "id": "igw-0063a1498bae082ad",
            "owner_id": "155988765466",
            "tags": {
              "Name": "vpc_project_internet_gateway"
            },
            "tags_all": {
              "Name": "vpc_project_internet_gateway"
            },
            "timeouts": null,
            "vpc_id": "vpc-0618d4891c2599ff2"
          },
          "sensitive_attributes": [],
          "private": "eyJlMmJmYjczMC1lY2FhLTExZTYtOGY4OC0zNDM2M2JjN2M0YzAiOnsiY3JlYXRlIjoxMjAwMDAwMDAwMDAwLCJkZWxldGUiOjEyMDAwMDAwMDAwMDAsInVwZGF0ZSI6MTIwMDAwMDAwMDAwMH19",
          "dependencies": [
            "module.vpc.module.vpc.aws_vpc.vpc_project"
          ]
        }
      ]
    },
    {
      "module": "module.vpc.module.vpc",
      "mode": "managed",
      "type": "aws_route_table",
      "name": "vpc_project_routetable",
      "provider": "provider[\"registry.terraform.io/hashicorp/aws\"]",
      "instances": [
        {
          "schema_version": 0,
          "attributes": {
            "arn": "arn:aws:ec2:us-east-1:155988765466:route-table/rtb-06dea8a8cf7132953",
            "id": "rtb-06dea8a8cf7132953",
            "owner_id": "155988765466",
            "propagating_vgws": [],
            "route": [
              {
                "carrier_gateway_id": "",
                "cidr_block": "0.0.0.0/0",
                "core_network_arn": "",
                "destination_prefix_list_id": "",
                "egress_only_gateway_id": "",
                "gateway_id": "igw-0063a1498bae082ad",
                "instance_id": "",
                "ipv6_cidr_block": "",
                "local_gateway_id": "",
                "nat_gateway_id": "",
                "network_interface_id": "",
                "transit_gateway_id": "",
                "vpc_endpoint_id": "",
                "vpc_peering_connection_id": ""
              }
            ],
            "tags": {
              "Name": "VPC_project_route_table"
            },
            "tags_all": {
              "Name": "VPC_project_route_table"
            },
            "timeouts": null,
            "vpc_id": "vpc-0618d4891c2599ff2"
          },
          "sensitive_attributes": [],
          "private": "eyJlMmJmYjczMC1lY2FhLTExZTYtOGY4OC0zNDM2M2JjN2M0YzAiOnsiY3JlYXRlIjozMDAwMDAwMDAwMDAsImRlbGV0ZSI6MzAwMDAwMDAwMDAwLCJ1cGRhdGUiOjEyMDAwMDAwMDAwMH19",
          "dependencies": [
            "module.vpc.module.vpc.aws_internet_gateway.vpc_project_internet_gateway",
            "module.vpc.module.vpc.aws_vpc.vpc_project"
          ]
        }
      ]
    },
    {
      "module": "module.vpc.module.vpc",
      "mode": "managed",
      "type": "aws_route_table_association",
      "name": "vpc_project_route_table_association",
      "provider": "provider[\"registry.terraform.io/hashicorp/aws\"]",
      "instances": [
        {
          "schema_version": 0,
          "attributes": {
            "gateway_id": "",
            "id": "rtbassoc-0458bb2a5ee3bae8d",
            "route_table_id": "rtb-06dea8a8cf7132953",
            "subnet_id": "subnet-0bf5569d9c598fa24"
          },
          "sensitive_attributes": [],
          "private": "bnVsbA==",
          "dependencies": [
            "module.vpc.module.vpc.aws_internet_gateway.vpc_project_internet_gateway",
            "module.vpc.module.vpc.aws_route_table.vpc_project_routetable",
            "module.vpc.module.vpc.aws_subnet.vpc_project_subnet",
            "module.vpc.module.vpc.aws_vpc.vpc_project"
          ]
        }
      ]
    },
    {
      "module": "module.vpc.module.vpc",
      "mode": "managed",
      "type": "aws_security_group",
      "name": "vpc_project_security_group",
      "provider": "provider[\"registry.terraform.io/hashicorp/aws\"]",
      "instances": [
        {
          "schema_version": 1,
          "attributes": {
            "arn": "arn:aws:ec2:us-east-1:155988765466:security-group/sg-0e313ae31bd375be3",
            "description": "Allow TLS inbound traffic",
            "egress": [
              {
                "cidr_blocks": [
                  "0.0.0.0/0"
                ],
                "description": "",
                "from_port": 0,
                "ipv6_cidr_blocks": [],
                "prefix_list_ids": [],
                "protocol": "-1",
                "security_groups": [],
                "self": false,
                "to_port": 0
              }
            ],
            "id": "sg-0e313ae31bd375be3",
            "ingress": [
              {
                "cidr_blocks": [
                  "0.0.0.0/0"
                ],
                "description": "allow traffic to VPC",
                "from_port": 22,
                "ipv6_cidr_blocks": [],
                "prefix_list_ids": [],
                "protocol": "tcp",
                "security_groups": [],
                "self": false,
                "to_port": 22
              },
              {
                "cidr_blocks": [
                  "0.0.0.0/0"
                ],
                "description": "allow traffic to VPC",
                "from_port": 443,
                "ipv6_cidr_blocks": [],
                "prefix_list_ids": [],
                "protocol": "tcp",
                "security_groups": [],
                "self": false,
                "to_port": 443
              },
              {
                "cidr_blocks": [
                  "0.0.0.0/0"
                ],
                "description": "allow traffic to VPC",
                "from_port": 8080,
                "ipv6_cidr_blocks": [],
                "prefix_list_ids": [],
                "protocol": "tcp",
                "security_groups": [],
                "self": false,
                "to_port": 8080
              },
              {
                "cidr_blocks": [
                  "0.0.0.0/0"
                ],
                "description": "allow traffic to VPC",
                "from_port": 80,
                "ipv6_cidr_blocks": [],
                "prefix_list_ids": [],
                "protocol": "tcp",
                "security_groups": [],
                "self": false,
                "to_port": 80
              }
            ],
            "name": "vpc_project_security_group",
            "name_prefix": "",
            "owner_id": "155988765466",
            "revoke_rules_on_delete": false,
            "tags": {
              "Name": "securitygroup_controll_traffic"
            },
            "tags_all": {
              "Name": "securitygroup_controll_traffic"
            },
            "timeouts": null,
            "vpc_id": "vpc-0618d4891c2599ff2"
          },
          "sensitive_attributes": [],
          "private": "eyJlMmJmYjczMC1lY2FhLTExZTYtOGY4OC0zNDM2M2JjN2M0YzAiOnsiY3JlYXRlIjo2MDAwMDAwMDAwMDAsImRlbGV0ZSI6OTAwMDAwMDAwMDAwfSwic2NoZW1hX3ZlcnNpb24iOiIxIn0=",
          "dependencies": [
            "module.vpc.module.vpc.aws_vpc.vpc_project"
          ]
        }
      ]
    },
    {
      "module": "module.vpc.module.vpc",
      "mode": "managed",
      "type": "aws_subnet",
      "name": "vpc_project_subnet",
      "provider": "provider[\"registry.terraform.io/hashicorp/aws\"]",
      "instances": [
        {
          "schema_version": 1,
          "attributes": {
            "arn": "arn:aws:ec2:us-east-1:155988765466:subnet/subnet-0bf5569d9c598fa24",
            "assign_ipv6_address_on_creation": false,
            "availability_zone": "us-east-1f",
            "availability_zone_id": "use1-az5",
            "cidr_block": "172.20.10.0/24",
            "customer_owned_ipv4_pool": "",
            "enable_dns64": false,
            "enable_resource_name_dns_a_record_on_launch": false,
            "enable_resource_name_dns_aaaa_record_on_launch": false,
            "id": "subnet-0bf5569d9c598fa24",
            "ipv6_cidr_block": "",
            "ipv6_cidr_block_association_id": "",
            "ipv6_native": false,
            "map_customer_owned_ip_on_launch": false,
            "map_public_ip_on_launch": false,
            "outpost_arn": "",
            "owner_id": "155988765466",
            "private_dns_hostname_type_on_launch": "ip-name",
            "tags": {
              "Name": "vpc_project_subnet"
            },
            "tags_all": {
              "Name": "vpc_project_subnet"
            },
            "timeouts": null,
            "vpc_id": "vpc-0618d4891c2599ff2"
          },
          "sensitive_attributes": [],
          "private": "eyJlMmJmYjczMC1lY2FhLTExZTYtOGY4OC0zNDM2M2JjN2M0YzAiOnsiY3JlYXRlIjo2MDAwMDAwMDAwMDAsImRlbGV0ZSI6MTIwMDAwMDAwMDAwMH0sInNjaGVtYV92ZXJzaW9uIjoiMSJ9",
          "dependencies": [
            "module.vpc.module.vpc.aws_vpc.vpc_project"
          ]
        }
      ]
    },
    {
      "module": "module.vpc.module.vpc",
      "mode": "managed",
      "type": "aws_vpc",
      "name": "vpc_project",
      "provider": "provider[\"registry.terraform.io/hashicorp/aws\"]",
      "instances": [
        {
          "schema_version": 1,
          "attributes": {
            "arn": "arn:aws:ec2:us-east-1:155988765466:vpc/vpc-0618d4891c2599ff2",
            "assign_generated_ipv6_cidr_block": false,
            "cidr_block": "172.20.0.0/16",
            "default_network_acl_id": "acl-0475927bd5da4b6ec",
            "default_route_table_id": "rtb-0221e7b2215bb8063",
            "default_security_group_id": "sg-04a65f1b987929382",
            "dhcp_options_id": "dopt-0386cf88d51777301",
            "enable_classiclink": false,
            "enable_classiclink_dns_support": false,
            "enable_dns_hostnames": false,
            "enable_dns_support": true,
            "enable_network_address_usage_metrics": false,
            "id": "vpc-0618d4891c2599ff2",
            "instance_tenancy": "default",
            "ipv4_ipam_pool_id": null,
            "ipv4_netmask_length": null,
            "ipv6_association_id": "",
            "ipv6_cidr_block": "",
            "ipv6_cidr_block_network_border_group": "",
            "ipv6_ipam_pool_id": "",
            "ipv6_netmask_length": 0,
            "main_route_table_id": "rtb-0221e7b2215bb8063",
            "owner_id": "155988765466",
            "tags": {
              "Name": "vpc_project"
            },
            "tags_all": {
              "Name": "vpc_project"
            }
          },
          "sensitive_attributes": [],
          "private": "eyJzY2hlbWFfdmVyc2lvbiI6IjEifQ=="
        }
      ]
    }
  ],
  "check_results": null
}
